// !$*UTF8*$!
{
	archiveVersion = 1;
	classes = {
	};
	objectVersion = 45;
	objects = {

/* Begin PBXBuildFile section */
		1D3623260D0F684500981E51 /* DADelegate.m in Sources */ = {isa = PBXBuildFile; fileRef = 1D3623250D0F684500981E51 /* DADelegate.m */; };
		1D60589B0D05DD56006BFB54 /* main.m in Sources */ = {isa = PBXBuildFile; fileRef = 29B97316FDCFA39411CA2CEA /* main.m */; };
		1D60589F0D05DD5A006BFB54 /* Foundation.framework in Frameworks */ = {isa = PBXBuildFile; fileRef = 1D30AB110D05D00D00671497 /* Foundation.framework */; };
		1DF5F4E00D08C38300B7A737 /* UIKit.framework in Frameworks */ = {isa = PBXBuildFile; fileRef = 1DF5F4DF0D08C38300B7A737 /* UIKit.framework */; };
		288765A50DF7441C002DB57D /* CoreGraphics.framework in Frameworks */ = {isa = PBXBuildFile; fileRef = 288765A40DF7441C002DB57D /* CoreGraphics.framework */; };
		2899E5220DE3E06400AC0155 /* RootController.xib in Resources */ = {isa = PBXBuildFile; fileRef = 2899E5210DE3E06400AC0155 /* RootController.xib */; };
		28AD733F0D9D9553002E5188 /* MainWindow.xib in Resources */ = {isa = PBXBuildFile; fileRef = 28AD733E0D9D9553002E5188 /* MainWindow.xib */; };
		28D7ACF80DDB3853001CB0EB /* RootController.m in Sources */ = {isa = PBXBuildFile; fileRef = 28D7ACF70DDB3853001CB0EB /* RootController.m */; };
		DC16780A12D66319006B821D /* InfoPageController.xib in Resources */ = {isa = PBXBuildFile; fileRef = DC16780912D66319006B821D /* InfoPageController.xib */; };
		DC24BE9712D1365E000C052C /* SearchErrorCell.xib in Resources */ = {isa = PBXBuildFile; fileRef = DC24BE9612D1365E000C052C /* SearchErrorCell.xib */; };
		DC34F42412CBC8CC00AF28B8 /* OBGradientView.m in Sources */ = {isa = PBXBuildFile; fileRef = DC34F42312CBC8CC00AF28B8 /* OBGradientView.m */; };
		DC34F68F12CC273000AF28B8 /* DAStorage.xcdatamodel in Sources */ = {isa = PBXBuildFile; fileRef = DC34F68E12CC273000AF28B8 /* DAStorage.xcdatamodel */; };
		DC3E6ABE12C02B0B007B852E /* Entry.m in Sources */ = {isa = PBXBuildFile; fileRef = DC3E6ABD12C02B0B007B852E /* Entry.m */; };
		DC3E6ACE12C02DBA007B852E /* EntryForm.m in Sources */ = {isa = PBXBuildFile; fileRef = DC3E6ACD12C02DBA007B852E /* EntryForm.m */; };
		DC3E6AD412C02E4D007B852E /* EntrySense.m in Sources */ = {isa = PBXBuildFile; fileRef = DC3E6AD312C02E4D007B852E /* EntrySense.m */; };
		DC3E6B1C12C0314A007B852E /* EntrySenseUsage.m in Sources */ = {isa = PBXBuildFile; fileRef = DC3E6B1B12C0314A007B852E /* EntrySenseUsage.m */; };
		DC3E6B5C12C03C35007B852E /* EntryEtymology.m in Sources */ = {isa = PBXBuildFile; fileRef = DC3E6B5B12C03C35007B852E /* EntryEtymology.m */; };
		DC4E057B12C77D6F00B4BB0C /* SearchCell.m in Sources */ = {isa = PBXBuildFile; fileRef = DC4E057A12C77D6F00B4BB0C /* SearchCell.m */; };
		DC4E058A12C77E5A00B4BB0C /* SearchCell.xib in Resources */ = {isa = PBXBuildFile; fileRef = DC4E058912C77E5A00B4BB0C /* SearchCell.xib */; };
		DC4E05F912C8152D00B4BB0C /* Icon-72.png in Resources */ = {isa = PBXBuildFile; fileRef = DC4E05F212C8152D00B4BB0C /* Icon-72.png */; };
		DC4E05FA12C8152D00B4BB0C /* Icon-Small-50.png in Resources */ = {isa = PBXBuildFile; fileRef = DC4E05F312C8152D00B4BB0C /* Icon-Small-50.png */; };
		DC4E05FB12C8152D00B4BB0C /* Icon-Small.png in Resources */ = {isa = PBXBuildFile; fileRef = DC4E05F412C8152D00B4BB0C /* Icon-Small.png */; };
		DC4E05FC12C8152D00B4BB0C /* Icon-Small@2x.png in Resources */ = {isa = PBXBuildFile; fileRef = DC4E05F512C8152D00B4BB0C /* Icon-Small@2x.png */; };
		DC4E05FD12C8152D00B4BB0C /* Icon.png in Resources */ = {isa = PBXBuildFile; fileRef = DC4E05F612C8152D00B4BB0C /* Icon.png */; };
		DC4E05FE12C8152D00B4BB0C /* Icon@2x.png in Resources */ = {isa = PBXBuildFile; fileRef = DC4E05F712C8152D00B4BB0C /* Icon@2x.png */; };
		DC4E05FF12C8152D00B4BB0C /* iTunesArtwork.png in Resources */ = {isa = PBXBuildFile; fileRef = DC4E05F812C8152D00B4BB0C /* iTunesArtwork.png */; };
		DC6AD39B12D3D87000FB5415 /* InfoTableController.xib in Resources */ = {isa = PBXBuildFile; fileRef = DC6AD39A12D3D87000FB5415 /* InfoTableController.xib */; };
		DCB0EC5912CD2B1400323C98 /* DAHistory.m in Sources */ = {isa = PBXBuildFile; fileRef = DCB0EC5412CD2B1400323C98 /* DAHistory.m */; };
		DCB0EC5A12CD2B1400323C98 /* DAFavourites.m in Sources */ = {isa = PBXBuildFile; fileRef = DCB0EC5612CD2B1400323C98 /* DAFavourites.m */; };
		DCB0EC5B12CD2B1400323C98 /* DASearchCache.m in Sources */ = {isa = PBXBuildFile; fileRef = DCB0EC5812CD2B1400323C98 /* DASearchCache.m */; };
		DCB0EC6912CD2B9E00323C98 /* CoreData.framework in Frameworks */ = {isa = PBXBuildFile; fileRef = DCB0EC6812CD2B9E00323C98 /* CoreData.framework */; };
		DCCB3D1912D7F8FB00ECC178 /* JS in Resources */ = {isa = PBXBuildFile; fileRef = DCCB3D1112D7F8FB00ECC178 /* JS */; };
		DCD1453412C37A1D00E26123 /* CXMLDocument_CreationExtensions.m in Sources */ = {isa = PBXBuildFile; fileRef = DCD1451B12C37A1D00E26123 /* CXMLDocument_CreationExtensions.m */; };
		DCD1453512C37A1D00E26123 /* CXMLNode_CreationExtensions.m in Sources */ = {isa = PBXBuildFile; fileRef = DCD1451D12C37A1D00E26123 /* CXMLNode_CreationExtensions.m */; };
		DCD1453612C37A1D00E26123 /* CXMLDocument_PrivateExtensions.m in Sources */ = {isa = PBXBuildFile; fileRef = DCD1451F12C37A1D00E26123 /* CXMLDocument_PrivateExtensions.m */; };
		DCD1453712C37A1D00E26123 /* CXMLDocument.m in Sources */ = {isa = PBXBuildFile; fileRef = DCD1452112C37A1D00E26123 /* CXMLDocument.m */; };
		DCD1453812C37A1D00E26123 /* CXMLElement_CreationExtensions.m in Sources */ = {isa = PBXBuildFile; fileRef = DCD1452312C37A1D00E26123 /* CXMLElement_CreationExtensions.m */; };
		DCD1453912C37A1D00E26123 /* CXMLElement_ElementTreeExtensions.m in Sources */ = {isa = PBXBuildFile; fileRef = DCD1452512C37A1D00E26123 /* CXMLElement_ElementTreeExtensions.m */; };
		DCD1453A12C37A1D00E26123 /* CXMLElement.m in Sources */ = {isa = PBXBuildFile; fileRef = DCD1452712C37A1D00E26123 /* CXMLElement.m */; };
		DCD1453B12C37A1D00E26123 /* CXMLNamespaceNode.m in Sources */ = {isa = PBXBuildFile; fileRef = DCD1452912C37A1D00E26123 /* CXMLNamespaceNode.m */; };
		DCD1453C12C37A1D00E26123 /* CXMLNode_PrivateExtensions.m in Sources */ = {isa = PBXBuildFile; fileRef = DCD1452B12C37A1D00E26123 /* CXMLNode_PrivateExtensions.m */; };
		DCD1453D12C37A1D00E26123 /* CXMLNode_XPathExtensions.m in Sources */ = {isa = PBXBuildFile; fileRef = DCD1452D12C37A1D00E26123 /* CXMLNode_XPathExtensions.m */; };
		DCD1453E12C37A1D00E26123 /* CXMLNode.m in Sources */ = {isa = PBXBuildFile; fileRef = DCD1452F12C37A1D00E26123 /* CXMLNode.m */; };
		DCD1453F12C37A1D00E26123 /* CTidy.m in Sources */ = {isa = PBXBuildFile; fileRef = DCD1453212C37A1D00E26123 /* CTidy.m */; };
		DCD147BC12C3DBE300E26123 /* DARemote.m in Sources */ = {isa = PBXBuildFile; fileRef = DCD147BB12C3DBE300E26123 /* DARemote.m */; };
		DCD147BF12C3DBEE00E26123 /* DAParser.m in Sources */ = {isa = PBXBuildFile; fileRef = DCD147BE12C3DBEE00E26123 /* DAParser.m */; };
		DCD2F7DC12CA8E99005D5604 /* QuartzCore.framework in Frameworks */ = {isa = PBXBuildFile; fileRef = DCD2F7DB12CA8E99005D5604 /* QuartzCore.framework */; };
		DCE5014A12C15C4900D3F006 /* DefinitionController.m in Sources */ = {isa = PBXBuildFile; fileRef = DCE5014812C15C4900D3F006 /* DefinitionController.m */; };
		DCE5014B12C15C4900D3F006 /* DefinitionController.xib in Resources */ = {isa = PBXBuildFile; fileRef = DCE5014912C15C4900D3F006 /* DefinitionController.xib */; };
		DCE972E212C2C84A00BC3FB3 /* Images in Resources */ = {isa = PBXBuildFile; fileRef = DCE972E012C2C84A00BC3FB3 /* Images */; };
		DCE972ED12C2C8AB00BC3FB3 /* DicionarioAberto.css in Resources */ = {isa = PBXBuildFile; fileRef = DCE972EC12C2C8AB00BC3FB3 /* DicionarioAberto.css */; };
		DCE9746612C2F7C900BC3FB3 /* HTML in Resources */ = {isa = PBXBuildFile; fileRef = DCE9746412C2F7C900BC3FB3 /* HTML */; };
		DCEBA19712D2AC7F00215DD4 /* InfoTableController.m in Sources */ = {isa = PBXBuildFile; fileRef = DCEBA19612D2AC7F00215DD4 /* InfoTableController.m */; };
		DCEBA1AD12D2AE6700215DD4 /* InfoPageController.m in Sources */ = {isa = PBXBuildFile; fileRef = DCEBA1AC12D2AE6700215DD4 /* InfoPageController.m */; };
/* End PBXBuildFile section */

/* Begin PBXFileReference section */
		1D30AB110D05D00D00671497 /* Foundation.framework */ = {isa = PBXFileReference; lastKnownFileType = wrapper.framework; name = Foundation.framework; path = System/Library/Frameworks/Foundation.framework; sourceTree = SDKROOT; };
		1D3623240D0F684500981E51 /* DADelegate.h */ = {isa = PBXFileReference; fileEncoding = 4; lastKnownFileType = sourcecode.c.h; path = DADelegate.h; sourceTree = "<group>"; };
		1D3623250D0F684500981E51 /* DADelegate.m */ = {isa = PBXFileReference; fileEncoding = 4; lastKnownFileType = sourcecode.c.objc; path = DADelegate.m; sourceTree = "<group>"; };
		1D6058910D05DD3D006BFB54 /* Aberto.app */ = {isa = PBXFileReference; explicitFileType = wrapper.application; includeInIndex = 0; path = Aberto.app; sourceTree = BUILT_PRODUCTS_DIR; };
		1DF5F4DF0D08C38300B7A737 /* UIKit.framework */ = {isa = PBXFileReference; lastKnownFileType = wrapper.framework; name = UIKit.framework; path = System/Library/Frameworks/UIKit.framework; sourceTree = SDKROOT; };
		288765A40DF7441C002DB57D /* CoreGraphics.framework */ = {isa = PBXFileReference; lastKnownFileType = wrapper.framework; name = CoreGraphics.framework; path = System/Library/Frameworks/CoreGraphics.framework; sourceTree = SDKROOT; };
		2899E5210DE3E06400AC0155 /* RootController.xib */ = {isa = PBXFileReference; lastKnownFileType = file.xib; path = RootController.xib; sourceTree = "<group>"; };
		28AD733E0D9D9553002E5188 /* MainWindow.xib */ = {isa = PBXFileReference; lastKnownFileType = file.xib; path = MainWindow.xib; sourceTree = "<group>"; };
		28D7ACF60DDB3853001CB0EB /* RootController.h */ = {isa = PBXFileReference; fileEncoding = 4; lastKnownFileType = sourcecode.c.h; path = RootController.h; sourceTree = "<group>"; };
		28D7ACF70DDB3853001CB0EB /* RootController.m */ = {isa = PBXFileReference; fileEncoding = 4; lastKnownFileType = sourcecode.c.objc; path = RootController.m; sourceTree = "<group>"; };
		29B97316FDCFA39411CA2CEA /* main.m */ = {isa = PBXFileReference; fileEncoding = 4; lastKnownFileType = sourcecode.c.objc; path = main.m; sourceTree = "<group>"; };
		32CA4F630368D1EE00C91783 /* DicionarioAberto_Prefix.pch */ = {isa = PBXFileReference; fileEncoding = 4; lastKnownFileType = sourcecode.c.h; path = DicionarioAberto_Prefix.pch; sourceTree = "<group>"; };
		8D1107310486CEB800E47090 /* DicionarioAberto-Info.plist */ = {isa = PBXFileReference; fileEncoding = 4; lastKnownFileType = text.plist.xml; path = "DicionarioAberto-Info.plist"; plistStructureDefinitionIdentifier = "com.apple.xcode.plist.structure-definition.iphone.info-plist"; sourceTree = "<group>"; };
		DC16780912D66319006B821D /* InfoPageController.xib */ = {isa = PBXFileReference; lastKnownFileType = file.xib; path = InfoPageController.xib; sourceTree = "<group>"; };
		DC24BE9612D1365E000C052C /* SearchErrorCell.xib */ = {isa = PBXFileReference; lastKnownFileType = file.xib; path = SearchErrorCell.xib; sourceTree = "<group>"; };
		DC34F42212CBC8CC00AF28B8 /* OBGradientView.h */ = {isa = PBXFileReference; fileEncoding = 4; lastKnownFileType = sourcecode.c.h; name = OBGradientView.h; path = OBGradientView/OBGradientView.h; sourceTree = "<group>"; };
		DC34F42312CBC8CC00AF28B8 /* OBGradientView.m */ = {isa = PBXFileReference; fileEncoding = 4; lastKnownFileType = sourcecode.c.objc; name = OBGradientView.m; path = OBGradientView/OBGradientView.m; sourceTree = "<group>"; };
		DC34F68E12CC273000AF28B8 /* DAStorage.xcdatamodel */ = {isa = PBXFileReference; fileEncoding = 4; lastKnownFileType = wrapper.xcdatamodel; path = DAStorage.xcdatamodel; sourceTree = "<group>"; };
		DC3E6ABC12C02B0B007B852E /* Entry.h */ = {isa = PBXFileReference; fileEncoding = 4; lastKnownFileType = sourcecode.c.h; path = Entry.h; sourceTree = "<group>"; };
		DC3E6ABD12C02B0B007B852E /* Entry.m */ = {isa = PBXFileReference; fileEncoding = 4; lastKnownFileType = sourcecode.c.objc; path = Entry.m; sourceTree = "<group>"; };
		DC3E6ACC12C02DBA007B852E /* EntryForm.h */ = {isa = PBXFileReference; fileEncoding = 4; lastKnownFileType = sourcecode.c.h; path = EntryForm.h; sourceTree = "<group>"; };
		DC3E6ACD12C02DBA007B852E /* EntryForm.m */ = {isa = PBXFileReference; fileEncoding = 4; lastKnownFileType = sourcecode.c.objc; path = EntryForm.m; sourceTree = "<group>"; };
		DC3E6AD212C02E4D007B852E /* EntrySense.h */ = {isa = PBXFileReference; fileEncoding = 4; lastKnownFileType = sourcecode.c.h; path = EntrySense.h; sourceTree = "<group>"; };
		DC3E6AD312C02E4D007B852E /* EntrySense.m */ = {isa = PBXFileReference; fileEncoding = 4; lastKnownFileType = sourcecode.c.objc; path = EntrySense.m; sourceTree = "<group>"; };
		DC3E6B1A12C0314A007B852E /* EntrySenseUsage.h */ = {isa = PBXFileReference; fileEncoding = 4; lastKnownFileType = sourcecode.c.h; path = EntrySenseUsage.h; sourceTree = "<group>"; };
		DC3E6B1B12C0314A007B852E /* EntrySenseUsage.m */ = {isa = PBXFileReference; fileEncoding = 4; lastKnownFileType = sourcecode.c.objc; path = EntrySenseUsage.m; sourceTree = "<group>"; };
		DC3E6B5A12C03C35007B852E /* EntryEtymology.h */ = {isa = PBXFileReference; fileEncoding = 4; lastKnownFileType = sourcecode.c.h; path = EntryEtymology.h; sourceTree = "<group>"; };
		DC3E6B5B12C03C35007B852E /* EntryEtymology.m */ = {isa = PBXFileReference; fileEncoding = 4; lastKnownFileType = sourcecode.c.objc; path = EntryEtymology.m; sourceTree = "<group>"; };
		DC4E057912C77D6F00B4BB0C /* SearchCell.h */ = {isa = PBXFileReference; fileEncoding = 4; lastKnownFileType = sourcecode.c.h; path = SearchCell.h; sourceTree = "<group>"; };
		DC4E057A12C77D6F00B4BB0C /* SearchCell.m */ = {isa = PBXFileReference; fileEncoding = 4; lastKnownFileType = sourcecode.c.objc; path = SearchCell.m; sourceTree = "<group>"; };
		DC4E058912C77E5A00B4BB0C /* SearchCell.xib */ = {isa = PBXFileReference; lastKnownFileType = file.xib; path = SearchCell.xib; sourceTree = "<group>"; };
		DC4E05F212C8152D00B4BB0C /* Icon-72.png */ = {isa = PBXFileReference; lastKnownFileType = image.png; path = "Icon-72.png"; sourceTree = "<group>"; };
		DC4E05F312C8152D00B4BB0C /* Icon-Small-50.png */ = {isa = PBXFileReference; lastKnownFileType = image.png; path = "Icon-Small-50.png"; sourceTree = "<group>"; };
		DC4E05F412C8152D00B4BB0C /* Icon-Small.png */ = {isa = PBXFileReference; lastKnownFileType = image.png; path = "Icon-Small.png"; sourceTree = "<group>"; };
		DC4E05F512C8152D00B4BB0C /* Icon-Small@2x.png */ = {isa = PBXFileReference; lastKnownFileType = image.png; path = "Icon-Small@2x.png"; sourceTree = "<group>"; };
		DC4E05F612C8152D00B4BB0C /* Icon.png */ = {isa = PBXFileReference; lastKnownFileType = image.png; path = Icon.png; sourceTree = "<group>"; };
		DC4E05F712C8152D00B4BB0C /* Icon@2x.png */ = {isa = PBXFileReference; lastKnownFileType = image.png; path = "Icon@2x.png"; sourceTree = "<group>"; };
		DC4E05F812C8152D00B4BB0C /* iTunesArtwork.png */ = {isa = PBXFileReference; lastKnownFileType = image.png; path = iTunesArtwork.png; sourceTree = "<group>"; };
		DC6AD39A12D3D87000FB5415 /* InfoTableController.xib */ = {isa = PBXFileReference; lastKnownFileType = file.xib; path = InfoTableController.xib; sourceTree = "<group>"; };
		DCB0EC5312CD2B1400323C98 /* DAHistory.h */ = {isa = PBXFileReference; fileEncoding = 4; lastKnownFileType = sourcecode.c.h; name = DAHistory.h; path = Model/DAHistory.h; sourceTree = "<group>"; };
		DCB0EC5412CD2B1400323C98 /* DAHistory.m */ = {isa = PBXFileReference; fileEncoding = 4; lastKnownFileType = sourcecode.c.objc; name = DAHistory.m; path = Model/DAHistory.m; sourceTree = "<group>"; };
		DCB0EC5512CD2B1400323C98 /* DAFavourites.h */ = {isa = PBXFileReference; fileEncoding = 4; lastKnownFileType = sourcecode.c.h; name = DAFavourites.h; path = Model/DAFavourites.h; sourceTree = "<group>"; };
		DCB0EC5612CD2B1400323C98 /* DAFavourites.m */ = {isa = PBXFileReference; fileEncoding = 4; lastKnownFileType = sourcecode.c.objc; name = DAFavourites.m; path = Model/DAFavourites.m; sourceTree = "<group>"; };
		DCB0EC5712CD2B1400323C98 /* DASearchCache.h */ = {isa = PBXFileReference; fileEncoding = 4; lastKnownFileType = sourcecode.c.h; name = DASearchCache.h; path = Model/DASearchCache.h; sourceTree = "<group>"; };
		DCB0EC5812CD2B1400323C98 /* DASearchCache.m */ = {isa = PBXFileReference; fileEncoding = 4; lastKnownFileType = sourcecode.c.objc; name = DASearchCache.m; path = Model/DASearchCache.m; sourceTree = "<group>"; };
		DCB0EC6812CD2B9E00323C98 /* CoreData.framework */ = {isa = PBXFileReference; lastKnownFileType = wrapper.framework; name = CoreData.framework; path = System/Library/Frameworks/CoreData.framework; sourceTree = SDKROOT; };
		DCCB3D1112D7F8FB00ECC178 /* JS */ = {isa = PBXFileReference; lastKnownFileType = folder; path = JS; sourceTree = "<group>"; };
		DCD1451A12C37A1D00E26123 /* CXMLDocument_CreationExtensions.h */ = {isa = PBXFileReference; fileEncoding = 4; lastKnownFileType = sourcecode.c.h; path = CXMLDocument_CreationExtensions.h; sourceTree = "<group>"; };
		DCD1451B12C37A1D00E26123 /* CXMLDocument_CreationExtensions.m */ = {isa = PBXFileReference; fileEncoding = 4; lastKnownFileType = sourcecode.c.objc; path = CXMLDocument_CreationExtensions.m; sourceTree = "<group>"; };
		DCD1451C12C37A1D00E26123 /* CXMLNode_CreationExtensions.h */ = {isa = PBXFileReference; fileEncoding = 4; lastKnownFileType = sourcecode.c.h; path = CXMLNode_CreationExtensions.h; sourceTree = "<group>"; };
		DCD1451D12C37A1D00E26123 /* CXMLNode_CreationExtensions.m */ = {isa = PBXFileReference; fileEncoding = 4; lastKnownFileType = sourcecode.c.objc; path = CXMLNode_CreationExtensions.m; sourceTree = "<group>"; };
		DCD1451E12C37A1D00E26123 /* CXMLDocument_PrivateExtensions.h */ = {isa = PBXFileReference; fileEncoding = 4; lastKnownFileType = sourcecode.c.h; name = CXMLDocument_PrivateExtensions.h; path = ../TouchXML/Source/CXMLDocument_PrivateExtensions.h; sourceTree = SOURCE_ROOT; };
		DCD1451F12C37A1D00E26123 /* CXMLDocument_PrivateExtensions.m */ = {isa = PBXFileReference; fileEncoding = 4; lastKnownFileType = sourcecode.c.objc; name = CXMLDocument_PrivateExtensions.m; path = ../TouchXML/Source/CXMLDocument_PrivateExtensions.m; sourceTree = SOURCE_ROOT; };
		DCD1452012C37A1D00E26123 /* CXMLDocument.h */ = {isa = PBXFileReference; fileEncoding = 4; lastKnownFileType = sourcecode.c.h; name = CXMLDocument.h; path = ../TouchXML/Source/CXMLDocument.h; sourceTree = SOURCE_ROOT; };
		DCD1452112C37A1D00E26123 /* CXMLDocument.m */ = {isa = PBXFileReference; fileEncoding = 4; lastKnownFileType = sourcecode.c.objc; name = CXMLDocument.m; path = ../TouchXML/Source/CXMLDocument.m; sourceTree = SOURCE_ROOT; };
		DCD1452212C37A1D00E26123 /* CXMLElement_CreationExtensions.h */ = {isa = PBXFileReference; fileEncoding = 4; lastKnownFileType = sourcecode.c.h; name = CXMLElement_CreationExtensions.h; path = ../TouchXML/Source/CXMLElement_CreationExtensions.h; sourceTree = SOURCE_ROOT; };
		DCD1452312C37A1D00E26123 /* CXMLElement_CreationExtensions.m */ = {isa = PBXFileReference; fileEncoding = 4; lastKnownFileType = sourcecode.c.objc; name = CXMLElement_CreationExtensions.m; path = ../TouchXML/Source/CXMLElement_CreationExtensions.m; sourceTree = SOURCE_ROOT; };
		DCD1452412C37A1D00E26123 /* CXMLElement_ElementTreeExtensions.h */ = {isa = PBXFileReference; fileEncoding = 4; lastKnownFileType = sourcecode.c.h; name = CXMLElement_ElementTreeExtensions.h; path = ../TouchXML/Source/CXMLElement_ElementTreeExtensions.h; sourceTree = SOURCE_ROOT; };
		DCD1452512C37A1D00E26123 /* CXMLElement_ElementTreeExtensions.m */ = {isa = PBXFileReference; fileEncoding = 4; lastKnownFileType = sourcecode.c.objc; name = CXMLElement_ElementTreeExtensions.m; path = ../TouchXML/Source/CXMLElement_ElementTreeExtensions.m; sourceTree = SOURCE_ROOT; };
		DCD1452612C37A1D00E26123 /* CXMLElement.h */ = {isa = PBXFileReference; fileEncoding = 4; lastKnownFileType = sourcecode.c.h; name = CXMLElement.h; path = ../TouchXML/Source/CXMLElement.h; sourceTree = SOURCE_ROOT; };
		DCD1452712C37A1D00E26123 /* CXMLElement.m */ = {isa = PBXFileReference; fileEncoding = 4; lastKnownFileType = sourcecode.c.objc; name = CXMLElement.m; path = ../TouchXML/Source/CXMLElement.m; sourceTree = SOURCE_ROOT; };
		DCD1452812C37A1D00E26123 /* CXMLNamespaceNode.h */ = {isa = PBXFileReference; fileEncoding = 4; lastKnownFileType = sourcecode.c.h; name = CXMLNamespaceNode.h; path = ../TouchXML/Source/CXMLNamespaceNode.h; sourceTree = SOURCE_ROOT; };
		DCD1452912C37A1D00E26123 /* CXMLNamespaceNode.m */ = {isa = PBXFileReference; fileEncoding = 4; lastKnownFileType = sourcecode.c.objc; name = CXMLNamespaceNode.m; path = ../TouchXML/Source/CXMLNamespaceNode.m; sourceTree = SOURCE_ROOT; };
		DCD1452A12C37A1D00E26123 /* CXMLNode_PrivateExtensions.h */ = {isa = PBXFileReference; fileEncoding = 4; lastKnownFileType = sourcecode.c.h; name = CXMLNode_PrivateExtensions.h; path = ../TouchXML/Source/CXMLNode_PrivateExtensions.h; sourceTree = SOURCE_ROOT; };
		DCD1452B12C37A1D00E26123 /* CXMLNode_PrivateExtensions.m */ = {isa = PBXFileReference; fileEncoding = 4; lastKnownFileType = sourcecode.c.objc; name = CXMLNode_PrivateExtensions.m; path = ../TouchXML/Source/CXMLNode_PrivateExtensions.m; sourceTree = SOURCE_ROOT; };
		DCD1452C12C37A1D00E26123 /* CXMLNode_XPathExtensions.h */ = {isa = PBXFileReference; fileEncoding = 4; lastKnownFileType = sourcecode.c.h; name = CXMLNode_XPathExtensions.h; path = ../TouchXML/Source/CXMLNode_XPathExtensions.h; sourceTree = SOURCE_ROOT; };
		DCD1452D12C37A1D00E26123 /* CXMLNode_XPathExtensions.m */ = {isa = PBXFileReference; fileEncoding = 4; lastKnownFileType = sourcecode.c.objc; name = CXMLNode_XPathExtensions.m; path = ../TouchXML/Source/CXMLNode_XPathExtensions.m; sourceTree = SOURCE_ROOT; };
		DCD1452E12C37A1D00E26123 /* CXMLNode.h */ = {isa = PBXFileReference; fileEncoding = 4; lastKnownFileType = sourcecode.c.h; name = CXMLNode.h; path = ../TouchXML/Source/CXMLNode.h; sourceTree = SOURCE_ROOT; };
		DCD1452F12C37A1D00E26123 /* CXMLNode.m */ = {isa = PBXFileReference; fileEncoding = 4; lastKnownFileType = sourcecode.c.objc; name = CXMLNode.m; path = ../TouchXML/Source/CXMLNode.m; sourceTree = SOURCE_ROOT; };
		DCD1453112C37A1D00E26123 /* CTidy.h */ = {isa = PBXFileReference; fileEncoding = 4; lastKnownFileType = sourcecode.c.h; path = CTidy.h; sourceTree = "<group>"; };
		DCD1453212C37A1D00E26123 /* CTidy.m */ = {isa = PBXFileReference; fileEncoding = 4; lastKnownFileType = sourcecode.c.objc; path = CTidy.m; sourceTree = "<group>"; };
		DCD1453312C37A1D00E26123 /* TouchXML.h */ = {isa = PBXFileReference; fileEncoding = 4; lastKnownFileType = sourcecode.c.h; name = TouchXML.h; path = ../TouchXML/Source/TouchXML.h; sourceTree = SOURCE_ROOT; };
		DCD147BA12C3DBE300E26123 /* DARemote.h */ = {isa = PBXFileReference; fileEncoding = 4; lastKnownFileType = sourcecode.c.h; path = DARemote.h; sourceTree = "<group>"; };
		DCD147BB12C3DBE300E26123 /* DARemote.m */ = {isa = PBXFileReference; fileEncoding = 4; lastKnownFileType = sourcecode.c.objc; path = DARemote.m; sourceTree = "<group>"; };
		DCD147BD12C3DBEE00E26123 /* DAParser.h */ = {isa = PBXFileReference; fileEncoding = 4; lastKnownFileType = sourcecode.c.h; path = DAParser.h; sourceTree = "<group>"; };
		DCD147BE12C3DBEE00E26123 /* DAParser.m */ = {isa = PBXFileReference; fileEncoding = 4; lastKnownFileType = sourcecode.c.objc; path = DAParser.m; sourceTree = "<group>"; };
		DCD2F7DB12CA8E99005D5604 /* QuartzCore.framework */ = {isa = PBXFileReference; lastKnownFileType = wrapper.framework; name = QuartzCore.framework; path = System/Library/Frameworks/QuartzCore.framework; sourceTree = SDKROOT; };
		DCE5014712C15C4900D3F006 /* DefinitionController.h */ = {isa = PBXFileReference; fileEncoding = 4; lastKnownFileType = sourcecode.c.h; path = DefinitionController.h; sourceTree = "<group>"; };
		DCE5014812C15C4900D3F006 /* DefinitionController.m */ = {isa = PBXFileReference; fileEncoding = 4; lastKnownFileType = sourcecode.c.objc; path = DefinitionController.m; sourceTree = "<group>"; };
		DCE5014912C15C4900D3F006 /* DefinitionController.xib */ = {isa = PBXFileReference; lastKnownFileType = file.xib; path = DefinitionController.xib; sourceTree = "<group>"; };
		DCE972E012C2C84A00BC3FB3 /* Images */ = {isa = PBXFileReference; lastKnownFileType = folder; path = Images; sourceTree = "<group>"; };
		DCE972EC12C2C8AB00BC3FB3 /* DicionarioAberto.css */ = {isa = PBXFileReference; fileEncoding = 4; lastKnownFileType = text.css; path = DicionarioAberto.css; sourceTree = "<group>"; };
		DCE9746412C2F7C900BC3FB3 /* HTML */ = {isa = PBXFileReference; lastKnownFileType = folder; path = HTML; sourceTree = "<group>"; };
		DCEBA19512D2AC7F00215DD4 /* InfoTableController.h */ = {isa = PBXFileReference; fileEncoding = 4; lastKnownFileType = sourcecode.c.h; path = InfoTableController.h; sourceTree = "<group>"; };
		DCEBA19612D2AC7F00215DD4 /* InfoTableController.m */ = {isa = PBXFileReference; fileEncoding = 4; lastKnownFileType = sourcecode.c.objc; path = InfoTableController.m; sourceTree = "<group>"; };
		DCEBA1AB12D2AE6700215DD4 /* InfoPageController.h */ = {isa = PBXFileReference; fileEncoding = 4; lastKnownFileType = sourcecode.c.h; path = InfoPageController.h; sourceTree = "<group>"; };
		DCEBA1AC12D2AE6700215DD4 /* InfoPageController.m */ = {isa = PBXFileReference; fileEncoding = 4; lastKnownFileType = sourcecode.c.objc; path = InfoPageController.m; sourceTree = "<group>"; };
/* End PBXFileReference section */

/* Begin PBXFrameworksBuildPhase section */
		1D60588F0D05DD3D006BFB54 /* Frameworks */ = {
			isa = PBXFrameworksBuildPhase;
			buildActionMask = 2147483647;
			files = (
				1D60589F0D05DD5A006BFB54 /* Foundation.framework in Frameworks */,
				1DF5F4E00D08C38300B7A737 /* UIKit.framework in Frameworks */,
				288765A50DF7441C002DB57D /* CoreGraphics.framework in Frameworks */,
				DCD2F7DC12CA8E99005D5604 /* QuartzCore.framework in Frameworks */,
				DCB0EC6912CD2B9E00323C98 /* CoreData.framework in Frameworks */,
			);
			runOnlyForDeploymentPostprocessing = 0;
		};
/* End PBXFrameworksBuildPhase section */

/* Begin PBXGroup section */
		080E96DDFE201D6D7F000001 /* Classes */ = {
			isa = PBXGroup;
			children = (
				DC34F42512CBC8D300AF28B8 /* OBGradientView */,
				DCD1454012C37A2D00E26123 /* TouchXML */,
				DCE0568112CD200100CE291D /* Model */,
				DC3E6ACF12C02E0B007B852E /* Entry */,
				DCD147C012C3DC1000E26123 /* Views */,
				1D3623240D0F684500981E51 /* DADelegate.h */,
				1D3623250D0F684500981E51 /* DADelegate.m */,
				DCD147BD12C3DBEE00E26123 /* DAParser.h */,
				DCD147BE12C3DBEE00E26123 /* DAParser.m */,
				DCD147BA12C3DBE300E26123 /* DARemote.h */,
				DCD147BB12C3DBE300E26123 /* DARemote.m */,
			);
			path = Classes;
			sourceTree = "<group>";
		};
		19C28FACFE9D520D11CA2CBB /* Products */ = {
			isa = PBXGroup;
			children = (
				1D6058910D05DD3D006BFB54 /* Aberto.app */,
			);
			name = Products;
			sourceTree = "<group>";
		};
		29B97314FDCFA39411CA2CEA /* CustomTemplate */ = {
			isa = PBXGroup;
			children = (
				080E96DDFE201D6D7F000001 /* Classes */,
				29B97315FDCFA39411CA2CEA /* Other Sources */,
				29B97317FDCFA39411CA2CEA /* Resources */,
				29B97323FDCFA39411CA2CEA /* Frameworks */,
				19C28FACFE9D520D11CA2CBB /* Products */,
				DC34F68E12CC273000AF28B8 /* DAStorage.xcdatamodel */,
			);
			name = CustomTemplate;
			sourceTree = "<group>";
		};
		29B97315FDCFA39411CA2CEA /* Other Sources */ = {
			isa = PBXGroup;
			children = (
				32CA4F630368D1EE00C91783 /* DicionarioAberto_Prefix.pch */,
				29B97316FDCFA39411CA2CEA /* main.m */,
			);
			name = "Other Sources";
			sourceTree = "<group>";
		};
		29B97317FDCFA39411CA2CEA /* Resources */ = {
			isa = PBXGroup;
			children = (
				DC6AD39D12D3D89400FB5415 /* Icons */,
				DC6AD39C12D3D88100FB5415 /* NIB */,
				DCE9746412C2F7C900BC3FB3 /* HTML */,
				DCE972E012C2C84A00BC3FB3 /* Images */,
				DCCB3D1112D7F8FB00ECC178 /* JS */,
				8D1107310486CEB800E47090 /* DicionarioAberto-Info.plist */,
				DCE972EC12C2C8AB00BC3FB3 /* DicionarioAberto.css */,
			);
			name = Resources;
			sourceTree = "<group>";
		};
		29B97323FDCFA39411CA2CEA /* Frameworks */ = {
			isa = PBXGroup;
			children = (
				1DF5F4DF0D08C38300B7A737 /* UIKit.framework */,
				288765A40DF7441C002DB57D /* CoreGraphics.framework */,
				1D30AB110D05D00D00671497 /* Foundation.framework */,
				DCD2F7DB12CA8E99005D5604 /* QuartzCore.framework */,
				DCB0EC6812CD2B9E00323C98 /* CoreData.framework */,
			);
			name = Frameworks;
			sourceTree = "<group>";
		};
		DC34F42512CBC8D300AF28B8 /* OBGradientView */ = {
			isa = PBXGroup;
			children = (
				DC34F42212CBC8CC00AF28B8 /* OBGradientView.h */,
				DC34F42312CBC8CC00AF28B8 /* OBGradientView.m */,
			);
			name = OBGradientView;
			sourceTree = "<group>";
		};
		DC3E6ACF12C02E0B007B852E /* Entry */ = {
			isa = PBXGroup;
			children = (
				DC3E6ABC12C02B0B007B852E /* Entry.h */,
				DC3E6ABD12C02B0B007B852E /* Entry.m */,
				DC3E6B5A12C03C35007B852E /* EntryEtymology.h */,
				DC3E6B5B12C03C35007B852E /* EntryEtymology.m */,
				DC3E6ACC12C02DBA007B852E /* EntryForm.h */,
				DC3E6ACD12C02DBA007B852E /* EntryForm.m */,
				DC3E6AD212C02E4D007B852E /* EntrySense.h */,
				DC3E6AD312C02E4D007B852E /* EntrySense.m */,
				DC3E6B1A12C0314A007B852E /* EntrySenseUsage.h */,
				DC3E6B1B12C0314A007B852E /* EntrySenseUsage.m */,
			);
			name = Entry;
			sourceTree = "<group>";
		};
		DC6AD39C12D3D88100FB5415 /* NIB */ = {
			isa = PBXGroup;
			children = (
				28AD733E0D9D9553002E5188 /* MainWindow.xib */,
				2899E5210DE3E06400AC0155 /* RootController.xib */,
				DC4E058912C77E5A00B4BB0C /* SearchCell.xib */,
				DC24BE9612D1365E000C052C /* SearchErrorCell.xib */,
				DCE5014912C15C4900D3F006 /* DefinitionController.xib */,
				DC6AD39A12D3D87000FB5415 /* InfoTableController.xib */,
				DC16780912D66319006B821D /* InfoPageController.xib */,
			);
			name = NIB;
			sourceTree = "<group>";
		};
		DC6AD39D12D3D89400FB5415 /* Icons */ = {
			isa = PBXGroup;
			children = (
				DC4E05F212C8152D00B4BB0C /* Icon-72.png */,
				DC4E05F312C8152D00B4BB0C /* Icon-Small-50.png */,
				DC4E05F412C8152D00B4BB0C /* Icon-Small.png */,
				DC4E05F512C8152D00B4BB0C /* Icon-Small@2x.png */,
				DC4E05F612C8152D00B4BB0C /* Icon.png */,
				DC4E05F712C8152D00B4BB0C /* Icon@2x.png */,
				DC4E05F812C8152D00B4BB0C /* iTunesArtwork.png */,
			);
			name = Icons;
			sourceTree = "<group>";
		};
		DCD1451912C37A1D00E26123 /* Creation */ = {
			isa = PBXGroup;
			children = (
				DCD1451A12C37A1D00E26123 /* CXMLDocument_CreationExtensions.h */,
				DCD1451B12C37A1D00E26123 /* CXMLDocument_CreationExtensions.m */,
				DCD1451C12C37A1D00E26123 /* CXMLNode_CreationExtensions.h */,
				DCD1451D12C37A1D00E26123 /* CXMLNode_CreationExtensions.m */,
			);
			name = Creation;
			path = ../TouchXML/Source/Creation;
			sourceTree = SOURCE_ROOT;
		};
		DCD1453012C37A1D00E26123 /* Tidy */ = {
			isa = PBXGroup;
			children = (
				DCD1453112C37A1D00E26123 /* CTidy.h */,
				DCD1453212C37A1D00E26123 /* CTidy.m */,
			);
			name = Tidy;
			path = ../TouchXML/Source/Tidy;
			sourceTree = SOURCE_ROOT;
		};
		DCD1454012C37A2D00E26123 /* TouchXML */ = {
			isa = PBXGroup;
			children = (
				DCD1451912C37A1D00E26123 /* Creation */,
				DCD1451E12C37A1D00E26123 /* CXMLDocument_PrivateExtensions.h */,
				DCD1451F12C37A1D00E26123 /* CXMLDocument_PrivateExtensions.m */,
				DCD1452012C37A1D00E26123 /* CXMLDocument.h */,
				DCD1452112C37A1D00E26123 /* CXMLDocument.m */,
				DCD1452212C37A1D00E26123 /* CXMLElement_CreationExtensions.h */,
				DCD1452312C37A1D00E26123 /* CXMLElement_CreationExtensions.m */,
				DCD1452412C37A1D00E26123 /* CXMLElement_ElementTreeExtensions.h */,
				DCD1452512C37A1D00E26123 /* CXMLElement_ElementTreeExtensions.m */,
				DCD1452612C37A1D00E26123 /* CXMLElement.h */,
				DCD1452712C37A1D00E26123 /* CXMLElement.m */,
				DCD1452812C37A1D00E26123 /* CXMLNamespaceNode.h */,
				DCD1452912C37A1D00E26123 /* CXMLNamespaceNode.m */,
				DCD1452A12C37A1D00E26123 /* CXMLNode_PrivateExtensions.h */,
				DCD1452B12C37A1D00E26123 /* CXMLNode_PrivateExtensions.m */,
				DCD1452C12C37A1D00E26123 /* CXMLNode_XPathExtensions.h */,
				DCD1452D12C37A1D00E26123 /* CXMLNode_XPathExtensions.m */,
				DCD1452E12C37A1D00E26123 /* CXMLNode.h */,
				DCD1452F12C37A1D00E26123 /* CXMLNode.m */,
				DCD1453012C37A1D00E26123 /* Tidy */,
				DCD1453312C37A1D00E26123 /* TouchXML.h */,
			);
			name = TouchXML;
			sourceTree = "<group>";
		};
		DCD147C012C3DC1000E26123 /* Views */ = {
			isa = PBXGroup;
			children = (
				28D7ACF60DDB3853001CB0EB /* RootController.h */,
				28D7ACF70DDB3853001CB0EB /* RootController.m */,
				DC4E057912C77D6F00B4BB0C /* SearchCell.h */,
				DC4E057A12C77D6F00B4BB0C /* SearchCell.m */,
				DCE5014712C15C4900D3F006 /* DefinitionController.h */,
				DCE5014812C15C4900D3F006 /* DefinitionController.m */,
				DCEBA19512D2AC7F00215DD4 /* InfoTableController.h */,
				DCEBA19612D2AC7F00215DD4 /* InfoTableController.m */,
				DCEBA1AB12D2AE6700215DD4 /* InfoPageController.h */,
				DCEBA1AC12D2AE6700215DD4 /* InfoPageController.m */,
			);
			name = Views;
			sourceTree = "<group>";
		};
		DCE0568112CD200100CE291D /* Model */ = {
			isa = PBXGroup;
			children = (
				DCB0EC5312CD2B1400323C98 /* DAHistory.h */,
				DCB0EC5412CD2B1400323C98 /* DAHistory.m */,
				DCB0EC5512CD2B1400323C98 /* DAFavourites.h */,
				DCB0EC5612CD2B1400323C98 /* DAFavourites.m */,
				DCB0EC5712CD2B1400323C98 /* DASearchCache.h */,
				DCB0EC5812CD2B1400323C98 /* DASearchCache.m */,
			);
			name = Model;
			sourceTree = "<group>";
		};
/* End PBXGroup section */

/* Begin PBXNativeTarget section */
		1D6058900D05DD3D006BFB54 /* DicionarioAberto */ = {
			isa = PBXNativeTarget;
			buildConfigurationList = 1D6058960D05DD3E006BFB54 /* Build configuration list for PBXNativeTarget "DicionarioAberto" */;
			buildPhases = (
				1D60588D0D05DD3D006BFB54 /* Resources */,
				1D60588E0D05DD3D006BFB54 /* Sources */,
				1D60588F0D05DD3D006BFB54 /* Frameworks */,
			);
			buildRules = (
			);
			dependencies = (
			);
			name = DicionarioAberto;
			productName = DicionarioAberto;
			productReference = 1D6058910D05DD3D006BFB54 /* Aberto.app */;
			productType = "com.apple.product-type.application";
		};
/* End PBXNativeTarget section */

/* Begin PBXProject section */
		29B97313FDCFA39411CA2CEA /* Project object */ = {
			isa = PBXProject;
			buildConfigurationList = C01FCF4E08A954540054247B /* Build configuration list for PBXProject "DicionarioAberto" */;
			compatibilityVersion = "Xcode 3.1";
			developmentRegion = English;
			hasScannedForEncodings = 1;
			knownRegions = (
				English,
				Japanese,
				French,
				German,
			);
			mainGroup = 29B97314FDCFA39411CA2CEA /* CustomTemplate */;
			projectDirPath = "";
			projectRoot = "";
			targets = (
				1D6058900D05DD3D006BFB54 /* DicionarioAberto */,
			);
		};
/* End PBXProject section */

/* Begin PBXResourcesBuildPhase section */
		1D60588D0D05DD3D006BFB54 /* Resources */ = {
			isa = PBXResourcesBuildPhase;
			buildActionMask = 2147483647;
			files = (
				28AD733F0D9D9553002E5188 /* MainWindow.xib in Resources */,
				2899E5220DE3E06400AC0155 /* RootController.xib in Resources */,
				DCE5014B12C15C4900D3F006 /* DefinitionController.xib in Resources */,
				DCE972E212C2C84A00BC3FB3 /* Images in Resources */,
				DCE972ED12C2C8AB00BC3FB3 /* DicionarioAberto.css in Resources */,
				DCE9746612C2F7C900BC3FB3 /* HTML in Resources */,
				DC4E058A12C77E5A00B4BB0C /* SearchCell.xib in Resources */,
				DC4E05F912C8152D00B4BB0C /* Icon-72.png in Resources */,
				DC4E05FA12C8152D00B4BB0C /* Icon-Small-50.png in Resources */,
				DC4E05FB12C8152D00B4BB0C /* Icon-Small.png in Resources */,
				DC4E05FC12C8152D00B4BB0C /* Icon-Small@2x.png in Resources */,
				DC4E05FD12C8152D00B4BB0C /* Icon.png in Resources */,
				DC4E05FE12C8152D00B4BB0C /* Icon@2x.png in Resources */,
				DC4E05FF12C8152D00B4BB0C /* iTunesArtwork.png in Resources */,
				DC24BE9712D1365E000C052C /* SearchErrorCell.xib in Resources */,
				DC6AD39B12D3D87000FB5415 /* InfoTableController.xib in Resources */,
				DC16780A12D66319006B821D /* InfoPageController.xib in Resources */,
				DCCB3D1912D7F8FB00ECC178 /* JS in Resources */,
			);
			runOnlyForDeploymentPostprocessing = 0;
		};
/* End PBXResourcesBuildPhase section */

/* Begin PBXSourcesBuildPhase section */
		1D60588E0D05DD3D006BFB54 /* Sources */ = {
			isa = PBXSourcesBuildPhase;
			buildActionMask = 2147483647;
			files = (
				1D60589B0D05DD56006BFB54 /* main.m in Sources */,
				1D3623260D0F684500981E51 /* DADelegate.m in Sources */,
				28D7ACF80DDB3853001CB0EB /* RootController.m in Sources */,
				DC3E6ABE12C02B0B007B852E /* Entry.m in Sources */,
				DC3E6ACE12C02DBA007B852E /* EntryForm.m in Sources */,
				DC3E6AD412C02E4D007B852E /* EntrySense.m in Sources */,
				DC3E6B1C12C0314A007B852E /* EntrySenseUsage.m in Sources */,
				DC3E6B5C12C03C35007B852E /* EntryEtymology.m in Sources */,
				DCE5014A12C15C4900D3F006 /* DefinitionController.m in Sources */,
				DCD1453412C37A1D00E26123 /* CXMLDocument_CreationExtensions.m in Sources */,
				DCD1453512C37A1D00E26123 /* CXMLNode_CreationExtensions.m in Sources */,
				DCD1453612C37A1D00E26123 /* CXMLDocument_PrivateExtensions.m in Sources */,
				DCD1453712C37A1D00E26123 /* CXMLDocument.m in Sources */,
				DCD1453812C37A1D00E26123 /* CXMLElement_CreationExtensions.m in Sources */,
				DCD1453912C37A1D00E26123 /* CXMLElement_ElementTreeExtensions.m in Sources */,
				DCD1453A12C37A1D00E26123 /* CXMLElement.m in Sources */,
				DCD1453B12C37A1D00E26123 /* CXMLNamespaceNode.m in Sources */,
				DCD1453C12C37A1D00E26123 /* CXMLNode_PrivateExtensions.m in Sources */,
				DCD1453D12C37A1D00E26123 /* CXMLNode_XPathExtensions.m in Sources */,
				DCD1453E12C37A1D00E26123 /* CXMLNode.m in Sources */,
				DCD1453F12C37A1D00E26123 /* CTidy.m in Sources */,
				DCD147BC12C3DBE300E26123 /* DARemote.m in Sources */,
				DCD147BF12C3DBEE00E26123 /* DAParser.m in Sources */,
				DC4E057B12C77D6F00B4BB0C /* SearchCell.m in Sources */,
				DC34F42412CBC8CC00AF28B8 /* OBGradientView.m in Sources */,
				DC34F68F12CC273000AF28B8 /* DAStorage.xcdatamodel in Sources */,
				DCB0EC5912CD2B1400323C98 /* DAHistory.m in Sources */,
				DCB0EC5A12CD2B1400323C98 /* DAFavourites.m in Sources */,
				DCB0EC5B12CD2B1400323C98 /* DASearchCache.m in Sources */,
				DCEBA19712D2AC7F00215DD4 /* InfoTableController.m in Sources */,
				DCEBA1AD12D2AE6700215DD4 /* InfoPageController.m in Sources */,
			);
			runOnlyForDeploymentPostprocessing = 0;
		};
/* End PBXSourcesBuildPhase section */

/* Begin XCBuildConfiguration section */
		1D6058940D05DD3E006BFB54 /* Debug */ = {
			isa = XCBuildConfiguration;
			buildSettings = {
				ALWAYS_SEARCH_USER_PATHS = NO;
				COPY_PHASE_STRIP = NO;
				GCC_DYNAMIC_NO_PIC = NO;
				GCC_OPTIMIZATION_LEVEL = 0;
				GCC_PRECOMPILE_PREFIX_HEADER = YES;
				GCC_PREFIX_HEADER = DicionarioAberto_Prefix.pch;
				INFOPLIST_FILE = "DicionarioAberto-Info.plist";
				PRODUCT_NAME = Aberto;
			};
			name = Debug;
		};
		1D6058950D05DD3E006BFB54 /* Release */ = {
			isa = XCBuildConfiguration;
			buildSettings = {
				ALWAYS_SEARCH_USER_PATHS = NO;
				COPY_PHASE_STRIP = YES;
				GCC_PRECOMPILE_PREFIX_HEADER = YES;
				GCC_PREFIX_HEADER = DicionarioAberto_Prefix.pch;
				INFOPLIST_FILE = "DicionarioAberto-Info.plist";
				PRODUCT_NAME = Aberto;
				VALIDATE_PRODUCT = YES;
			};
			name = Release;
		};
		C01FCF4F08A954540054247B /* Debug */ = {
			isa = XCBuildConfiguration;
			buildSettings = {
				ARCHS = "$(ARCHS_STANDARD_32_BIT)";
				"CODE_SIGN_IDENTITY[sdk=iphoneos*]" = "iPhone Developer";
				CURRENT_PROJECT_VERSION = 1.0;
				GCC_C_LANGUAGE_STANDARD = c99;
				GCC_WARN_ABOUT_RETURN_TYPE = YES;
				GCC_WARN_UNUSED_VARIABLE = YES;
				HEADER_SEARCH_PATHS = /usr/include/libxml2;
				OTHER_LDFLAGS = "-lxml2";
				PREBINDING = NO;
				PRODUCT_NAME = Aberto;
				SDKROOT = iphoneos;
				VERSIONING_SYSTEM = "";
			};
			name = Debug;
		};
		C01FCF5008A954540054247B /* Release */ = {
			isa = XCBuildConfiguration;
			buildSettings = {
				ARCHS = "$(ARCHS_STANDARD_32_BIT)";
				"CODE_SIGN_IDENTITY[sdk=iphoneos*]" = "iPhone Developer";
				GCC_C_LANGUAGE_STANDARD = c99;
				GCC_WARN_ABOUT_RETURN_TYPE = YES;
				GCC_WARN_UNUSED_VARIABLE = YES;
				OTHER_CFLAGS = "-DNS_BLOCK_ASSERTIONS=1";
				PREBINDING = NO;
				PRODUCT_NAME = Aberto;
				SDKROOT = iphoneos;
			};
			name = Release;
		};
/* End XCBuildConfiguration section */

/* Begin XCConfigurationList section */
		1D6058960D05DD3E006BFB54 /* Build configuration list for PBXNativeTarget "DicionarioAberto" */ = {
			isa = XCConfigurationList;
			buildConfigurations = (
				1D6058940D05DD3E006BFB54 /* Debug */,
				1D6058950D05DD3E006BFB54 /* Release */,
			);
			defaultConfigurationIsVisible = 0;
			defaultConfigurationName = Release;
		};
		C01FCF4E08A954540054247B /* Build configuration list for PBXProject "DicionarioAberto" */ = {
			isa = XCConfigurationList;
			buildConfigurations = (
				C01FCF4F08A954540054247B /* Debug */,
				C01FCF5008A954540054247B /* Release */,
			);
			defaultConfigurationIsVisible = 0;
			defaultConfigurationName = Release;
		};
/* End XCConfigurationList section */
	};
	rootObject = 29B97313FDCFA39411CA2CEA /* Project object */;
}
