// !$*UTF8*$!
{
	archiveVersion = 1;
	classes = {
	};
	objectVersion = 46;
	objects = {

/* Begin PBXBuildFile section */
		1D3623260D0F684500981E51 /* DADelegate.m in Sources */ = {isa = PBXBuildFile; fileRef = 1D3623250D0F684500981E51 /* DADelegate.m */; };
		1D60589B0D05DD56006BFB54 /* main.m in Sources */ = {isa = PBXBuildFile; fileRef = 29B97316FDCFA39411CA2CEA /* main.m */; };
		1D60589F0D05DD5A006BFB54 /* Foundation.framework in Frameworks */ = {isa = PBXBuildFile; fileRef = 1D30AB110D05D00D00671497 /* Foundation.framework */; };
		1DF5F4E00D08C38300B7A737 /* UIKit.framework in Frameworks */ = {isa = PBXBuildFile; fileRef = 1DF5F4DF0D08C38300B7A737 /* UIKit.framework */; };
		288765A50DF7441C002DB57D /* CoreGraphics.framework in Frameworks */ = {isa = PBXBuildFile; fileRef = 288765A40DF7441C002DB57D /* CoreGraphics.framework */; };
		2899E5220DE3E06400AC0155 /* RootController.xib in Resources */ = {isa = PBXBuildFile; fileRef = 2899E5210DE3E06400AC0155 /* RootController.xib */; };
		28AD733F0D9D9553002E5188 /* MainWindow.xib in Resources */ = {isa = PBXBuildFile; fileRef = 28AD733E0D9D9553002E5188 /* MainWindow.xib */; };
		28D7ACF80DDB3853001CB0EB /* RootController.m in Sources */ = {isa = PBXBuildFile; fileRef = 28D7ACF70DDB3853001CB0EB /* RootController.m */; };
		DC02E3A114BD1169001FF4D6 /* AFHTTPClient.m in Sources */ = {isa = PBXBuildFile; fileRef = DC02E38C14BD1169001FF4D6 /* AFHTTPClient.m */; settings = {COMPILER_FLAGS = "-fno-objc-arc"; }; };
		DC02E3A214BD1169001FF4D6 /* AFHTTPRequestOperation.m in Sources */ = {isa = PBXBuildFile; fileRef = DC02E38E14BD1169001FF4D6 /* AFHTTPRequestOperation.m */; settings = {COMPILER_FLAGS = "-fno-objc-arc"; }; };
		DC02E3A314BD1169001FF4D6 /* AFImageCache.m in Sources */ = {isa = PBXBuildFile; fileRef = DC02E39014BD1169001FF4D6 /* AFImageCache.m */; settings = {COMPILER_FLAGS = "-fno-objc-arc"; }; };
		DC02E3A414BD1169001FF4D6 /* AFImageRequestOperation.m in Sources */ = {isa = PBXBuildFile; fileRef = DC02E39214BD1169001FF4D6 /* AFImageRequestOperation.m */; settings = {COMPILER_FLAGS = "-fno-objc-arc"; }; };
		DC02E3A514BD1169001FF4D6 /* AFJSONRequestOperation.m in Sources */ = {isa = PBXBuildFile; fileRef = DC02E39414BD1169001FF4D6 /* AFJSONRequestOperation.m */; settings = {COMPILER_FLAGS = "-fno-objc-arc"; }; };
		DC02E3A614BD1169001FF4D6 /* AFNetworkActivityIndicatorManager.m in Sources */ = {isa = PBXBuildFile; fileRef = DC02E39714BD1169001FF4D6 /* AFNetworkActivityIndicatorManager.m */; settings = {COMPILER_FLAGS = "-fno-objc-arc"; }; };
		DC02E3A714BD1169001FF4D6 /* AFPropertyListRequestOperation.m in Sources */ = {isa = PBXBuildFile; fileRef = DC02E39A14BD1169001FF4D6 /* AFPropertyListRequestOperation.m */; settings = {COMPILER_FLAGS = "-fno-objc-arc"; }; };
		DC02E3A814BD1169001FF4D6 /* AFURLConnectionOperation.m in Sources */ = {isa = PBXBuildFile; fileRef = DC02E39C14BD1169001FF4D6 /* AFURLConnectionOperation.m */; settings = {COMPILER_FLAGS = "-fno-objc-arc"; }; };
		DC02E3A914BD1169001FF4D6 /* AFXMLRequestOperation.m in Sources */ = {isa = PBXBuildFile; fileRef = DC02E39E14BD1169001FF4D6 /* AFXMLRequestOperation.m */; settings = {COMPILER_FLAGS = "-fno-objc-arc"; }; };
		DC02E3AA14BD1169001FF4D6 /* UIImageView+AFNetworking.m in Sources */ = {isa = PBXBuildFile; fileRef = DC02E3A014BD1169001FF4D6 /* UIImageView+AFNetworking.m */; settings = {COMPILER_FLAGS = "-fno-objc-arc"; }; };
		DC02E3AF14BD1173001FF4D6 /* SVProgressHUD.bundle in Resources */ = {isa = PBXBuildFile; fileRef = DC02E3AC14BD1173001FF4D6 /* SVProgressHUD.bundle */; };
		DC02E3B014BD1173001FF4D6 /* SVProgressHUD.m in Sources */ = {isa = PBXBuildFile; fileRef = DC02E3AE14BD1173001FF4D6 /* SVProgressHUD.m */; settings = {COMPILER_FLAGS = "-fno-objc-arc"; }; };
		DC02E3C514BD12FF001FF4D6 /* SDURLCache.m in Sources */ = {isa = PBXBuildFile; fileRef = DC02E3B714BD12FF001FF4D6 /* SDURLCache.m */; settings = {COMPILER_FLAGS = "-fno-objc-arc"; }; };
		DC02E3D014BD13C6001FF4D6 /* DAStorage.xcdatamodeld in Sources */ = {isa = PBXBuildFile; fileRef = DC02E3CD14BD13C6001FF4D6 /* DAStorage.xcdatamodeld */; };
		DC02E3D714BD211F001FF4D6 /* JSONKit.m in Sources */ = {isa = PBXBuildFile; fileRef = DC02E3D414BD211F001FF4D6 /* JSONKit.m */; settings = {COMPILER_FLAGS = "-fno-objc-arc"; }; };
		DC16780A12D66319006B821D /* InfoPageController.xib in Resources */ = {isa = PBXBuildFile; fileRef = DC16780912D66319006B821D /* InfoPageController.xib */; };
		DC24BE9712D1365E000C052C /* SearchErrorCell.xib in Resources */ = {isa = PBXBuildFile; fileRef = DC24BE9612D1365E000C052C /* SearchErrorCell.xib */; };
		DC3E6ABE12C02B0B007B852E /* Entry.m in Sources */ = {isa = PBXBuildFile; fileRef = DC3E6ABD12C02B0B007B852E /* Entry.m */; };
		DC3E6ACE12C02DBA007B852E /* EntryForm.m in Sources */ = {isa = PBXBuildFile; fileRef = DC3E6ACD12C02DBA007B852E /* EntryForm.m */; };
		DC3E6AD412C02E4D007B852E /* EntrySense.m in Sources */ = {isa = PBXBuildFile; fileRef = DC3E6AD312C02E4D007B852E /* EntrySense.m */; };
		DC3E6B1C12C0314A007B852E /* EntrySenseUsage.m in Sources */ = {isa = PBXBuildFile; fileRef = DC3E6B1B12C0314A007B852E /* EntrySenseUsage.m */; };
		DC3E6B5C12C03C35007B852E /* EntryEtymology.m in Sources */ = {isa = PBXBuildFile; fileRef = DC3E6B5B12C03C35007B852E /* EntryEtymology.m */; };
		DC4E057B12C77D6F00B4BB0C /* SearchCell.m in Sources */ = {isa = PBXBuildFile; fileRef = DC4E057A12C77D6F00B4BB0C /* SearchCell.m */; };
		DC4E058A12C77E5A00B4BB0C /* SearchCell.xib in Resources */ = {isa = PBXBuildFile; fileRef = DC4E058912C77E5A00B4BB0C /* SearchCell.xib */; };
		DC4E05F912C8152D00B4BB0C /* Icon-iPad.png in Resources */ = {isa = PBXBuildFile; fileRef = DC4E05F212C8152D00B4BB0C /* Icon-iPad.png */; };
		DC4E05FA12C8152D00B4BB0C /* Icon-Small-50.png in Resources */ = {isa = PBXBuildFile; fileRef = DC4E05F312C8152D00B4BB0C /* Icon-Small-50.png */; };
		DC4E05FB12C8152D00B4BB0C /* Icon-Small.png in Resources */ = {isa = PBXBuildFile; fileRef = DC4E05F412C8152D00B4BB0C /* Icon-Small.png */; };
		DC4E05FC12C8152D00B4BB0C /* Icon-Small@2x.png in Resources */ = {isa = PBXBuildFile; fileRef = DC4E05F512C8152D00B4BB0C /* Icon-Small@2x.png */; };
		DC4E05FD12C8152D00B4BB0C /* Icon.png in Resources */ = {isa = PBXBuildFile; fileRef = DC4E05F612C8152D00B4BB0C /* Icon.png */; };
		DC4E05FE12C8152D00B4BB0C /* Icon@2x.png in Resources */ = {isa = PBXBuildFile; fileRef = DC4E05F712C8152D00B4BB0C /* Icon@2x.png */; };
		DC4E05FF12C8152D00B4BB0C /* iTunesArtwork in Resources */ = {isa = PBXBuildFile; fileRef = DC4E05F812C8152D00B4BB0C /* iTunesArtwork */; };
		DC61090914BD087800CEA88E /* _def_footer.html in Resources */ = {isa = PBXBuildFile; fileRef = DC6108DE14BD087800CEA88E /* _def_footer.html */; };
		DC61090A14BD087800CEA88E /* _def_header.html in Resources */ = {isa = PBXBuildFile; fileRef = DC6108DF14BD087800CEA88E /* _def_header.html */; };
		DC61090B14BD087800CEA88E /* abbrev.html in Resources */ = {isa = PBXBuildFile; fileRef = DC6108E014BD087800CEA88E /* abbrev.html */; };
		DC61090C14BD087800CEA88E /* about.html in Resources */ = {isa = PBXBuildFile; fileRef = DC6108E114BD087800CEA88E /* about.html */; };
		DC61090D14BD087800CEA88E /* credits.html in Resources */ = {isa = PBXBuildFile; fileRef = DC6108E214BD087800CEA88E /* credits.html */; };
		DC61090E14BD087800CEA88E /* error_connection.html in Resources */ = {isa = PBXBuildFile; fileRef = DC6108E314BD087800CEA88E /* error_connection.html */; };
		DC61090F14BD087800CEA88E /* error_notfound.html in Resources */ = {isa = PBXBuildFile; fileRef = DC6108E414BD087800CEA88E /* error_notfound.html */; };
		DC61091014BD087800CEA88E /* error_unavailable.html in Resources */ = {isa = PBXBuildFile; fileRef = DC6108E514BD087800CEA88E /* error_unavailable.html */; };
		DC61091114BD087800CEA88E /* intro0.html in Resources */ = {isa = PBXBuildFile; fileRef = DC6108E614BD087800CEA88E /* intro0.html */; };
		DC61091214BD087800CEA88E /* intro1.html in Resources */ = {isa = PBXBuildFile; fileRef = DC6108E714BD087800CEA88E /* intro1.html */; };
		DC61091314BD087800CEA88E /* intro2.html in Resources */ = {isa = PBXBuildFile; fileRef = DC6108E814BD087800CEA88E /* intro2.html */; };
		DC61091414BD087800CEA88E /* intro3.html in Resources */ = {isa = PBXBuildFile; fileRef = DC6108E914BD087800CEA88E /* intro3.html */; };
		DC61091514BD087800CEA88E /* intro4.html in Resources */ = {isa = PBXBuildFile; fileRef = DC6108EA14BD087800CEA88E /* intro4.html */; };
		DC61091614BD087800CEA88E /* intro5.html in Resources */ = {isa = PBXBuildFile; fileRef = DC6108EB14BD087800CEA88E /* intro5.html */; };
		DC61091714BD087800CEA88E /* intro6.html in Resources */ = {isa = PBXBuildFile; fileRef = DC6108EC14BD087800CEA88E /* intro6.html */; };
		DC61091814BD087800CEA88E /* intro7.html in Resources */ = {isa = PBXBuildFile; fileRef = DC6108ED14BD087800CEA88E /* intro7.html */; };
		DC61091914BD087800CEA88E /* intro8.html in Resources */ = {isa = PBXBuildFile; fileRef = DC6108EE14BD087800CEA88E /* intro8.html */; };
		DC61091A14BD087800CEA88E /* legal.html in Resources */ = {isa = PBXBuildFile; fileRef = DC6108EF14BD087800CEA88E /* legal.html */; };
		DC61091B14BD087800CEA88E /* Background.png in Resources */ = {isa = PBXBuildFile; fileRef = DC6108F114BD087800CEA88E /* Background.png */; };
		DC61091C14BD087800CEA88E /* BackgroundCell.png in Resources */ = {isa = PBXBuildFile; fileRef = DC6108F214BD087800CEA88E /* BackgroundCell.png */; };
		DC61091D14BD087800CEA88E /* BackgroundCell@2x.png in Resources */ = {isa = PBXBuildFile; fileRef = DC6108F314BD087800CEA88E /* BackgroundCell@2x.png */; };
		DC61091E14BD087800CEA88E /* BackgroundCellSelected.png in Resources */ = {isa = PBXBuildFile; fileRef = DC6108F414BD087800CEA88E /* BackgroundCellSelected.png */; };
		DC61091F14BD087800CEA88E /* BackgroundCellSelected@2x.png in Resources */ = {isa = PBXBuildFile; fileRef = DC6108F514BD087800CEA88E /* BackgroundCellSelected@2x.png */; };
		DC61092014BD087800CEA88E /* BackgroundMain.png in Resources */ = {isa = PBXBuildFile; fileRef = DC6108F614BD087800CEA88E /* BackgroundMain.png */; };
		DC61092114BD087800CEA88E /* BackgroundMain@2x.png in Resources */ = {isa = PBXBuildFile; fileRef = DC6108F714BD087800CEA88E /* BackgroundMain@2x.png */; };
		DC61092214BD087800CEA88E /* BackgroundMainWithLogo.png in Resources */ = {isa = PBXBuildFile; fileRef = DC6108F814BD087800CEA88E /* BackgroundMainWithLogo.png */; };
		DC61092314BD087800CEA88E /* BackgroundMainWithLogo@2x.png in Resources */ = {isa = PBXBuildFile; fileRef = DC6108F914BD087800CEA88E /* BackgroundMainWithLogo@2x.png */; };
		DC61092414BD087800CEA88E /* BackgroundNavigation.png in Resources */ = {isa = PBXBuildFile; fileRef = DC6108FA14BD087800CEA88E /* BackgroundNavigation.png */; };
		DC61092514BD087800CEA88E /* BackgroundNavigation@2x.png in Resources */ = {isa = PBXBuildFile; fileRef = DC6108FB14BD087800CEA88E /* BackgroundNavigation@2x.png */; };
		DC61092614BD087800CEA88E /* cc-by-sa.png in Resources */ = {isa = PBXBuildFile; fileRef = DC6108FC14BD087800CEA88E /* cc-by-sa.png */; };
		DC61092714BD087800CEA88E /* IconError.png in Resources */ = {isa = PBXBuildFile; fileRef = DC6108FD14BD087800CEA88E /* IconError.png */; };
		DC61092814BD087800CEA88E /* IconError@2x.png in Resources */ = {isa = PBXBuildFile; fileRef = DC6108FE14BD087800CEA88E /* IconError@2x.png */; };
		DC61092914BD087800CEA88E /* IconWait.png in Resources */ = {isa = PBXBuildFile; fileRef = DC6108FF14BD087800CEA88E /* IconWait.png */; };
		DC61092A14BD087800CEA88E /* IconWait@2x.png in Resources */ = {isa = PBXBuildFile; fileRef = DC61090014BD087800CEA88E /* IconWait@2x.png */; };
		DC61092B14BD087800CEA88E /* LogoDicionarioAberto.png in Resources */ = {isa = PBXBuildFile; fileRef = DC61090114BD087800CEA88E /* LogoDicionarioAberto.png */; };
		DC61092C14BD087800CEA88E /* LogoDicionarioAberto@2x.png in Resources */ = {isa = PBXBuildFile; fileRef = DC61090214BD087800CEA88E /* LogoDicionarioAberto@2x.png */; };
		DC61092D14BD087800CEA88E /* LogoGitHub.png in Resources */ = {isa = PBXBuildFile; fileRef = DC61090314BD087800CEA88E /* LogoGitHub.png */; };
		DC61092E14BD087800CEA88E /* LogoGitHubNormal.png in Resources */ = {isa = PBXBuildFile; fileRef = DC61090414BD087800CEA88E /* LogoGitHubNormal.png */; };
		DC61092F14BD087800CEA88E /* LogoLog.png in Resources */ = {isa = PBXBuildFile; fileRef = DC61090514BD087800CEA88E /* LogoLog.png */; };
		DC61093014BD087800CEA88E /* LogoLogNormal.png in Resources */ = {isa = PBXBuildFile; fileRef = DC61090614BD087800CEA88E /* LogoLogNormal.png */; };
		DC6AD39B12D3D87000FB5415 /* InfoTableController.xib in Resources */ = {isa = PBXBuildFile; fileRef = DC6AD39A12D3D87000FB5415 /* InfoTableController.xib */; };
		DC7EF93712E8FCCA00C196E8 /* DAInfoTableContents.plist in Resources */ = {isa = PBXBuildFile; fileRef = DC7EF93612E8FCCA00C196E8 /* DAInfoTableContents.plist */; };
		DC84531512EB9C5100CA79A3 /* DAAbbreviations.plist in Resources */ = {isa = PBXBuildFile; fileRef = DC84531412EB9C5100CA79A3 /* DAAbbreviations.plist */; };
		DC886E2312E3CBA100A854BA /* CoreFoundation.framework in Frameworks */ = {isa = PBXBuildFile; fileRef = DC886E2212E3CBA100A854BA /* CoreFoundation.framework */; };
		DCB0EC6912CD2B9E00323C98 /* CoreData.framework in Frameworks */ = {isa = PBXBuildFile; fileRef = DCB0EC6812CD2B9E00323C98 /* CoreData.framework */; };
		DCD147BC12C3DBE300E26123 /* DARemoteClient.m in Sources */ = {isa = PBXBuildFile; fileRef = DCD147BB12C3DBE300E26123 /* DARemoteClient.m */; };
		DCD147BF12C3DBEE00E26123 /* DAParser.m in Sources */ = {isa = PBXBuildFile; fileRef = DCD147BE12C3DBEE00E26123 /* DAParser.m */; };
		DCD20D0B130B495800065D69 /* Default.png in Resources */ = {isa = PBXBuildFile; fileRef = DCD20D09130B495800065D69 /* Default.png */; };
		DCD20D0C130B495800065D69 /* Default@2x.png in Resources */ = {isa = PBXBuildFile; fileRef = DCD20D0A130B495800065D69 /* Default@2x.png */; };
		DCD2F7DC12CA8E99005D5604 /* QuartzCore.framework in Frameworks */ = {isa = PBXBuildFile; fileRef = DCD2F7DB12CA8E99005D5604 /* QuartzCore.framework */; };
		DCE5014A12C15C4900D3F006 /* DefinitionController.m in Sources */ = {isa = PBXBuildFile; fileRef = DCE5014812C15C4900D3F006 /* DefinitionController.m */; };
		DCE5014B12C15C4900D3F006 /* DefinitionController.xib in Resources */ = {isa = PBXBuildFile; fileRef = DCE5014912C15C4900D3F006 /* DefinitionController.xib */; };
		DCE972ED12C2C8AB00BC3FB3 /* DicionarioAberto.css in Resources */ = {isa = PBXBuildFile; fileRef = DCE972EC12C2C8AB00BC3FB3 /* DicionarioAberto.css */; };
		DCEBA19712D2AC7F00215DD4 /* InfoTableController.m in Sources */ = {isa = PBXBuildFile; fileRef = DCEBA19612D2AC7F00215DD4 /* InfoTableController.m */; };
		DCEBA1AD12D2AE6700215DD4 /* InfoPageController.m in Sources */ = {isa = PBXBuildFile; fileRef = DCEBA1AC12D2AE6700215DD4 /* InfoPageController.m */; };
/* End PBXBuildFile section */

/* Begin PBXFileReference section */
		1D30AB110D05D00D00671497 /* Foundation.framework */ = {isa = PBXFileReference; lastKnownFileType = wrapper.framework; name = Foundation.framework; path = System/Library/Frameworks/Foundation.framework; sourceTree = SDKROOT; };
		1D3623240D0F684500981E51 /* DADelegate.h */ = {isa = PBXFileReference; fileEncoding = 4; lastKnownFileType = sourcecode.c.h; path = DADelegate.h; sourceTree = "<group>"; };
		1D3623250D0F684500981E51 /* DADelegate.m */ = {isa = PBXFileReference; fileEncoding = 4; lastKnownFileType = sourcecode.c.objc; path = DADelegate.m; sourceTree = "<group>"; };
		1D6058910D05DD3D006BFB54 /* Aberto.app */ = {isa = PBXFileReference; explicitFileType = wrapper.application; includeInIndex = 0; path = Aberto.app; sourceTree = BUILT_PRODUCTS_DIR; };
		1DF5F4DF0D08C38300B7A737 /* UIKit.framework */ = {isa = PBXFileReference; lastKnownFileType = wrapper.framework; name = UIKit.framework; path = System/Library/Frameworks/UIKit.framework; sourceTree = SDKROOT; };
		288765A40DF7441C002DB57D /* CoreGraphics.framework */ = {isa = PBXFileReference; lastKnownFileType = wrapper.framework; name = CoreGraphics.framework; path = System/Library/Frameworks/CoreGraphics.framework; sourceTree = SDKROOT; };
		2899E5210DE3E06400AC0155 /* RootController.xib */ = {isa = PBXFileReference; lastKnownFileType = file.xib; path = RootController.xib; sourceTree = "<group>"; };
		28AD733E0D9D9553002E5188 /* MainWindow.xib */ = {isa = PBXFileReference; lastKnownFileType = file.xib; path = MainWindow.xib; sourceTree = "<group>"; };
		28D7ACF60DDB3853001CB0EB /* RootController.h */ = {isa = PBXFileReference; fileEncoding = 4; lastKnownFileType = sourcecode.c.h; path = RootController.h; sourceTree = "<group>"; };
		28D7ACF70DDB3853001CB0EB /* RootController.m */ = {isa = PBXFileReference; fileEncoding = 4; lastKnownFileType = sourcecode.c.objc; path = RootController.m; sourceTree = "<group>"; };
		29B97316FDCFA39411CA2CEA /* main.m */ = {isa = PBXFileReference; fileEncoding = 4; lastKnownFileType = sourcecode.c.objc; path = main.m; sourceTree = "<group>"; };
		32CA4F630368D1EE00C91783 /* DicionarioAberto_Prefix.pch */ = {isa = PBXFileReference; fileEncoding = 4; lastKnownFileType = sourcecode.c.h; path = DicionarioAberto_Prefix.pch; sourceTree = "<group>"; };
		8D1107310486CEB800E47090 /* DicionarioAberto-Info.plist */ = {isa = PBXFileReference; fileEncoding = 4; lastKnownFileType = text.plist.xml; path = "DicionarioAberto-Info.plist"; plistStructureDefinitionIdentifier = "com.apple.xcode.plist.structure-definition.iphone.info-plist"; sourceTree = "<group>"; };
		DC02E38B14BD1169001FF4D6 /* AFHTTPClient.h */ = {isa = PBXFileReference; fileEncoding = 4; lastKnownFileType = sourcecode.c.h; path = AFHTTPClient.h; sourceTree = "<group>"; };
		DC02E38C14BD1169001FF4D6 /* AFHTTPClient.m */ = {isa = PBXFileReference; fileEncoding = 4; lastKnownFileType = sourcecode.c.objc; path = AFHTTPClient.m; sourceTree = "<group>"; };
		DC02E38D14BD1169001FF4D6 /* AFHTTPRequestOperation.h */ = {isa = PBXFileReference; fileEncoding = 4; lastKnownFileType = sourcecode.c.h; path = AFHTTPRequestOperation.h; sourceTree = "<group>"; };
		DC02E38E14BD1169001FF4D6 /* AFHTTPRequestOperation.m */ = {isa = PBXFileReference; fileEncoding = 4; lastKnownFileType = sourcecode.c.objc; path = AFHTTPRequestOperation.m; sourceTree = "<group>"; };
		DC02E38F14BD1169001FF4D6 /* AFImageCache.h */ = {isa = PBXFileReference; fileEncoding = 4; lastKnownFileType = sourcecode.c.h; path = AFImageCache.h; sourceTree = "<group>"; };
		DC02E39014BD1169001FF4D6 /* AFImageCache.m */ = {isa = PBXFileReference; fileEncoding = 4; lastKnownFileType = sourcecode.c.objc; path = AFImageCache.m; sourceTree = "<group>"; };
		DC02E39114BD1169001FF4D6 /* AFImageRequestOperation.h */ = {isa = PBXFileReference; fileEncoding = 4; lastKnownFileType = sourcecode.c.h; path = AFImageRequestOperation.h; sourceTree = "<group>"; };
		DC02E39214BD1169001FF4D6 /* AFImageRequestOperation.m */ = {isa = PBXFileReference; fileEncoding = 4; lastKnownFileType = sourcecode.c.objc; path = AFImageRequestOperation.m; sourceTree = "<group>"; };
		DC02E39314BD1169001FF4D6 /* AFJSONRequestOperation.h */ = {isa = PBXFileReference; fileEncoding = 4; lastKnownFileType = sourcecode.c.h; path = AFJSONRequestOperation.h; sourceTree = "<group>"; };
		DC02E39414BD1169001FF4D6 /* AFJSONRequestOperation.m */ = {isa = PBXFileReference; fileEncoding = 4; lastKnownFileType = sourcecode.c.objc; path = AFJSONRequestOperation.m; sourceTree = "<group>"; };
		DC02E39514BD1169001FF4D6 /* AFJSONUtilities.h */ = {isa = PBXFileReference; fileEncoding = 4; lastKnownFileType = sourcecode.c.h; path = AFJSONUtilities.h; sourceTree = "<group>"; };
		DC02E39614BD1169001FF4D6 /* AFNetworkActivityIndicatorManager.h */ = {isa = PBXFileReference; fileEncoding = 4; lastKnownFileType = sourcecode.c.h; path = AFNetworkActivityIndicatorManager.h; sourceTree = "<group>"; };
		DC02E39714BD1169001FF4D6 /* AFNetworkActivityIndicatorManager.m */ = {isa = PBXFileReference; fileEncoding = 4; lastKnownFileType = sourcecode.c.objc; path = AFNetworkActivityIndicatorManager.m; sourceTree = "<group>"; };
		DC02E39814BD1169001FF4D6 /* AFNetworking.h */ = {isa = PBXFileReference; fileEncoding = 4; lastKnownFileType = sourcecode.c.h; path = AFNetworking.h; sourceTree = "<group>"; };
		DC02E39914BD1169001FF4D6 /* AFPropertyListRequestOperation.h */ = {isa = PBXFileReference; fileEncoding = 4; lastKnownFileType = sourcecode.c.h; path = AFPropertyListRequestOperation.h; sourceTree = "<group>"; };
		DC02E39A14BD1169001FF4D6 /* AFPropertyListRequestOperation.m */ = {isa = PBXFileReference; fileEncoding = 4; lastKnownFileType = sourcecode.c.objc; path = AFPropertyListRequestOperation.m; sourceTree = "<group>"; };
		DC02E39B14BD1169001FF4D6 /* AFURLConnectionOperation.h */ = {isa = PBXFileReference; fileEncoding = 4; lastKnownFileType = sourcecode.c.h; path = AFURLConnectionOperation.h; sourceTree = "<group>"; };
		DC02E39C14BD1169001FF4D6 /* AFURLConnectionOperation.m */ = {isa = PBXFileReference; fileEncoding = 4; lastKnownFileType = sourcecode.c.objc; path = AFURLConnectionOperation.m; sourceTree = "<group>"; };
		DC02E39D14BD1169001FF4D6 /* AFXMLRequestOperation.h */ = {isa = PBXFileReference; fileEncoding = 4; lastKnownFileType = sourcecode.c.h; path = AFXMLRequestOperation.h; sourceTree = "<group>"; };
		DC02E39E14BD1169001FF4D6 /* AFXMLRequestOperation.m */ = {isa = PBXFileReference; fileEncoding = 4; lastKnownFileType = sourcecode.c.objc; path = AFXMLRequestOperation.m; sourceTree = "<group>"; };
		DC02E39F14BD1169001FF4D6 /* UIImageView+AFNetworking.h */ = {isa = PBXFileReference; fileEncoding = 4; lastKnownFileType = sourcecode.c.h; path = "UIImageView+AFNetworking.h"; sourceTree = "<group>"; };
		DC02E3A014BD1169001FF4D6 /* UIImageView+AFNetworking.m */ = {isa = PBXFileReference; fileEncoding = 4; lastKnownFileType = sourcecode.c.objc; path = "UIImageView+AFNetworking.m"; sourceTree = "<group>"; };
		DC02E3AC14BD1173001FF4D6 /* SVProgressHUD.bundle */ = {isa = PBXFileReference; lastKnownFileType = "wrapper.plug-in"; path = SVProgressHUD.bundle; sourceTree = "<group>"; };
		DC02E3AD14BD1173001FF4D6 /* SVProgressHUD.h */ = {isa = PBXFileReference; fileEncoding = 4; lastKnownFileType = sourcecode.c.h; path = SVProgressHUD.h; sourceTree = "<group>"; };
		DC02E3AE14BD1173001FF4D6 /* SVProgressHUD.m */ = {isa = PBXFileReference; fileEncoding = 4; lastKnownFileType = sourcecode.c.objc; path = SVProgressHUD.m; sourceTree = "<group>"; };
		DC02E3B614BD12FF001FF4D6 /* SDURLCache.h */ = {isa = PBXFileReference; fileEncoding = 4; lastKnownFileType = sourcecode.c.h; path = SDURLCache.h; sourceTree = "<group>"; };
		DC02E3B714BD12FF001FF4D6 /* SDURLCache.m */ = {isa = PBXFileReference; fileEncoding = 4; lastKnownFileType = sourcecode.c.objc; path = SDURLCache.m; sourceTree = "<group>"; };
		DC02E3CE14BD13C6001FF4D6 /* DAStorage 2.xcdatamodel */ = {isa = PBXFileReference; lastKnownFileType = wrapper.xcdatamodel; path = "DAStorage 2.xcdatamodel"; sourceTree = "<group>"; };
		DC02E3CF14BD13C6001FF4D6 /* DAStorage.xcdatamodel */ = {isa = PBXFileReference; lastKnownFileType = wrapper.xcdatamodel; path = DAStorage.xcdatamodel; sourceTree = "<group>"; };
		DC02E3D314BD211F001FF4D6 /* JSONKit.h */ = {isa = PBXFileReference; fileEncoding = 4; lastKnownFileType = sourcecode.c.h; path = JSONKit.h; sourceTree = "<group>"; };
		DC02E3D414BD211F001FF4D6 /* JSONKit.m */ = {isa = PBXFileReference; fileEncoding = 4; lastKnownFileType = sourcecode.c.objc; path = JSONKit.m; sourceTree = "<group>"; };
		DC16780912D66319006B821D /* InfoPageController.xib */ = {isa = PBXFileReference; lastKnownFileType = file.xib; path = InfoPageController.xib; sourceTree = "<group>"; };
		DC24BE9612D1365E000C052C /* SearchErrorCell.xib */ = {isa = PBXFileReference; lastKnownFileType = file.xib; path = SearchErrorCell.xib; sourceTree = "<group>"; };
		DC3E6ABC12C02B0B007B852E /* Entry.h */ = {isa = PBXFileReference; fileEncoding = 4; lastKnownFileType = sourcecode.c.h; path = Entry.h; sourceTree = "<group>"; };
		DC3E6ABD12C02B0B007B852E /* Entry.m */ = {isa = PBXFileReference; fileEncoding = 4; lastKnownFileType = sourcecode.c.objc; path = Entry.m; sourceTree = "<group>"; };
		DC3E6ACC12C02DBA007B852E /* EntryForm.h */ = {isa = PBXFileReference; fileEncoding = 4; lastKnownFileType = sourcecode.c.h; path = EntryForm.h; sourceTree = "<group>"; };
		DC3E6ACD12C02DBA007B852E /* EntryForm.m */ = {isa = PBXFileReference; fileEncoding = 4; lastKnownFileType = sourcecode.c.objc; path = EntryForm.m; sourceTree = "<group>"; };
		DC3E6AD212C02E4D007B852E /* EntrySense.h */ = {isa = PBXFileReference; fileEncoding = 4; lastKnownFileType = sourcecode.c.h; path = EntrySense.h; sourceTree = "<group>"; };
		DC3E6AD312C02E4D007B852E /* EntrySense.m */ = {isa = PBXFileReference; fileEncoding = 4; lastKnownFileType = sourcecode.c.objc; path = EntrySense.m; sourceTree = "<group>"; };
		DC3E6B1A12C0314A007B852E /* EntrySenseUsage.h */ = {isa = PBXFileReference; fileEncoding = 4; lastKnownFileType = sourcecode.c.h; path = EntrySenseUsage.h; sourceTree = "<group>"; };
		DC3E6B1B12C0314A007B852E /* EntrySenseUsage.m */ = {isa = PBXFileReference; fileEncoding = 4; lastKnownFileType = sourcecode.c.objc; path = EntrySenseUsage.m; sourceTree = "<group>"; };
		DC3E6B5A12C03C35007B852E /* EntryEtymology.h */ = {isa = PBXFileReference; fileEncoding = 4; lastKnownFileType = sourcecode.c.h; path = EntryEtymology.h; sourceTree = "<group>"; };
		DC3E6B5B12C03C35007B852E /* EntryEtymology.m */ = {isa = PBXFileReference; fileEncoding = 4; lastKnownFileType = sourcecode.c.objc; path = EntryEtymology.m; sourceTree = "<group>"; };
		DC4E057912C77D6F00B4BB0C /* SearchCell.h */ = {isa = PBXFileReference; fileEncoding = 4; lastKnownFileType = sourcecode.c.h; path = SearchCell.h; sourceTree = "<group>"; };
		DC4E057A12C77D6F00B4BB0C /* SearchCell.m */ = {isa = PBXFileReference; fileEncoding = 4; lastKnownFileType = sourcecode.c.objc; path = SearchCell.m; sourceTree = "<group>"; };
		DC4E058912C77E5A00B4BB0C /* SearchCell.xib */ = {isa = PBXFileReference; lastKnownFileType = file.xib; path = SearchCell.xib; sourceTree = "<group>"; };
		DC4E05F212C8152D00B4BB0C /* Icon-iPad.png */ = {isa = PBXFileReference; lastKnownFileType = image.png; path = "Icon-iPad.png"; sourceTree = "<group>"; };
		DC4E05F312C8152D00B4BB0C /* Icon-Small-50.png */ = {isa = PBXFileReference; lastKnownFileType = image.png; path = "Icon-Small-50.png"; sourceTree = "<group>"; };
		DC4E05F412C8152D00B4BB0C /* Icon-Small.png */ = {isa = PBXFileReference; lastKnownFileType = image.png; path = "Icon-Small.png"; sourceTree = "<group>"; };
		DC4E05F512C8152D00B4BB0C /* Icon-Small@2x.png */ = {isa = PBXFileReference; lastKnownFileType = image.png; path = "Icon-Small@2x.png"; sourceTree = "<group>"; };
		DC4E05F612C8152D00B4BB0C /* Icon.png */ = {isa = PBXFileReference; lastKnownFileType = image.png; path = Icon.png; sourceTree = "<group>"; };
		DC4E05F712C8152D00B4BB0C /* Icon@2x.png */ = {isa = PBXFileReference; lastKnownFileType = image.png; path = "Icon@2x.png"; sourceTree = "<group>"; };
		DC4E05F812C8152D00B4BB0C /* iTunesArtwork */ = {isa = PBXFileReference; lastKnownFileType = file; path = iTunesArtwork; sourceTree = "<group>"; };
		DC6108DE14BD087800CEA88E /* _def_footer.html */ = {isa = PBXFileReference; fileEncoding = 4; lastKnownFileType = text.html; path = _def_footer.html; sourceTree = "<group>"; };
		DC6108DF14BD087800CEA88E /* _def_header.html */ = {isa = PBXFileReference; fileEncoding = 4; lastKnownFileType = text.html; path = _def_header.html; sourceTree = "<group>"; };
		DC6108E014BD087800CEA88E /* abbrev.html */ = {isa = PBXFileReference; fileEncoding = 4; lastKnownFileType = text.html; path = abbrev.html; sourceTree = "<group>"; };
		DC6108E114BD087800CEA88E /* about.html */ = {isa = PBXFileReference; fileEncoding = 4; lastKnownFileType = text.html; path = about.html; sourceTree = "<group>"; };
		DC6108E214BD087800CEA88E /* credits.html */ = {isa = PBXFileReference; fileEncoding = 4; lastKnownFileType = text.html; path = credits.html; sourceTree = "<group>"; };
		DC6108E314BD087800CEA88E /* error_connection.html */ = {isa = PBXFileReference; fileEncoding = 4; lastKnownFileType = text.html; path = error_connection.html; sourceTree = "<group>"; };
		DC6108E414BD087800CEA88E /* error_notfound.html */ = {isa = PBXFileReference; fileEncoding = 4; lastKnownFileType = text.html; path = error_notfound.html; sourceTree = "<group>"; };
		DC6108E514BD087800CEA88E /* error_unavailable.html */ = {isa = PBXFileReference; fileEncoding = 4; lastKnownFileType = text.html; path = error_unavailable.html; sourceTree = "<group>"; };
		DC6108E614BD087800CEA88E /* intro0.html */ = {isa = PBXFileReference; fileEncoding = 4; lastKnownFileType = text.html; path = intro0.html; sourceTree = "<group>"; };
		DC6108E714BD087800CEA88E /* intro1.html */ = {isa = PBXFileReference; fileEncoding = 4; lastKnownFileType = text.html; path = intro1.html; sourceTree = "<group>"; };
		DC6108E814BD087800CEA88E /* intro2.html */ = {isa = PBXFileReference; fileEncoding = 4; lastKnownFileType = text.html; path = intro2.html; sourceTree = "<group>"; };
		DC6108E914BD087800CEA88E /* intro3.html */ = {isa = PBXFileReference; fileEncoding = 4; lastKnownFileType = text.html; path = intro3.html; sourceTree = "<group>"; };
		DC6108EA14BD087800CEA88E /* intro4.html */ = {isa = PBXFileReference; fileEncoding = 4; lastKnownFileType = text.html; path = intro4.html; sourceTree = "<group>"; };
		DC6108EB14BD087800CEA88E /* intro5.html */ = {isa = PBXFileReference; fileEncoding = 4; lastKnownFileType = text.html; path = intro5.html; sourceTree = "<group>"; };
		DC6108EC14BD087800CEA88E /* intro6.html */ = {isa = PBXFileReference; fileEncoding = 4; lastKnownFileType = text.html; path = intro6.html; sourceTree = "<group>"; };
		DC6108ED14BD087800CEA88E /* intro7.html */ = {isa = PBXFileReference; fileEncoding = 4; lastKnownFileType = text.html; path = intro7.html; sourceTree = "<group>"; };
		DC6108EE14BD087800CEA88E /* intro8.html */ = {isa = PBXFileReference; fileEncoding = 4; lastKnownFileType = text.html; path = intro8.html; sourceTree = "<group>"; };
		DC6108EF14BD087800CEA88E /* legal.html */ = {isa = PBXFileReference; fileEncoding = 4; lastKnownFileType = text.html; path = legal.html; sourceTree = "<group>"; };
		DC6108F114BD087800CEA88E /* Background.png */ = {isa = PBXFileReference; lastKnownFileType = image.png; path = Background.png; sourceTree = "<group>"; };
		DC6108F214BD087800CEA88E /* BackgroundCell.png */ = {isa = PBXFileReference; lastKnownFileType = image.png; path = BackgroundCell.png; sourceTree = "<group>"; };
		DC6108F314BD087800CEA88E /* BackgroundCell@2x.png */ = {isa = PBXFileReference; lastKnownFileType = image.png; path = "BackgroundCell@2x.png"; sourceTree = "<group>"; };
		DC6108F414BD087800CEA88E /* BackgroundCellSelected.png */ = {isa = PBXFileReference; lastKnownFileType = image.png; path = BackgroundCellSelected.png; sourceTree = "<group>"; };
		DC6108F514BD087800CEA88E /* BackgroundCellSelected@2x.png */ = {isa = PBXFileReference; lastKnownFileType = image.png; path = "BackgroundCellSelected@2x.png"; sourceTree = "<group>"; };
		DC6108F614BD087800CEA88E /* BackgroundMain.png */ = {isa = PBXFileReference; lastKnownFileType = image.png; path = BackgroundMain.png; sourceTree = "<group>"; };
		DC6108F714BD087800CEA88E /* BackgroundMain@2x.png */ = {isa = PBXFileReference; lastKnownFileType = image.png; path = "BackgroundMain@2x.png"; sourceTree = "<group>"; };
		DC6108F814BD087800CEA88E /* BackgroundMainWithLogo.png */ = {isa = PBXFileReference; lastKnownFileType = image.png; path = BackgroundMainWithLogo.png; sourceTree = "<group>"; };
		DC6108F914BD087800CEA88E /* BackgroundMainWithLogo@2x.png */ = {isa = PBXFileReference; lastKnownFileType = image.png; path = "BackgroundMainWithLogo@2x.png"; sourceTree = "<group>"; };
		DC6108FA14BD087800CEA88E /* BackgroundNavigation.png */ = {isa = PBXFileReference; lastKnownFileType = image.png; path = BackgroundNavigation.png; sourceTree = "<group>"; };
		DC6108FB14BD087800CEA88E /* BackgroundNavigation@2x.png */ = {isa = PBXFileReference; lastKnownFileType = image.png; path = "BackgroundNavigation@2x.png"; sourceTree = "<group>"; };
		DC6108FC14BD087800CEA88E /* cc-by-sa.png */ = {isa = PBXFileReference; lastKnownFileType = image.png; path = "cc-by-sa.png"; sourceTree = "<group>"; };
		DC6108FD14BD087800CEA88E /* IconError.png */ = {isa = PBXFileReference; lastKnownFileType = image.png; path = IconError.png; sourceTree = "<group>"; };
		DC6108FE14BD087800CEA88E /* IconError@2x.png */ = {isa = PBXFileReference; lastKnownFileType = image.png; path = "IconError@2x.png"; sourceTree = "<group>"; };
		DC6108FF14BD087800CEA88E /* IconWait.png */ = {isa = PBXFileReference; lastKnownFileType = image.png; path = IconWait.png; sourceTree = "<group>"; };
		DC61090014BD087800CEA88E /* IconWait@2x.png */ = {isa = PBXFileReference; lastKnownFileType = image.png; path = "IconWait@2x.png"; sourceTree = "<group>"; };
		DC61090114BD087800CEA88E /* LogoDicionarioAberto.png */ = {isa = PBXFileReference; lastKnownFileType = image.png; path = LogoDicionarioAberto.png; sourceTree = "<group>"; };
		DC61090214BD087800CEA88E /* LogoDicionarioAberto@2x.png */ = {isa = PBXFileReference; lastKnownFileType = image.png; path = "LogoDicionarioAberto@2x.png"; sourceTree = "<group>"; };
		DC61090314BD087800CEA88E /* LogoGitHub.png */ = {isa = PBXFileReference; lastKnownFileType = image.png; path = LogoGitHub.png; sourceTree = "<group>"; };
		DC61090414BD087800CEA88E /* LogoGitHubNormal.png */ = {isa = PBXFileReference; lastKnownFileType = image.png; path = LogoGitHubNormal.png; sourceTree = "<group>"; };
		DC61090514BD087800CEA88E /* LogoLog.png */ = {isa = PBXFileReference; lastKnownFileType = image.png; path = LogoLog.png; sourceTree = "<group>"; };
		DC61090614BD087800CEA88E /* LogoLogNormal.png */ = {isa = PBXFileReference; lastKnownFileType = image.png; path = LogoLogNormal.png; sourceTree = "<group>"; };
		DC61090814BD087800CEA88E /* Common.js */ = {isa = PBXFileReference; fileEncoding = 4; lastKnownFileType = sourcecode.javascript; path = Common.js; sourceTree = "<group>"; };
		DC6AD39A12D3D87000FB5415 /* InfoTableController.xib */ = {isa = PBXFileReference; lastKnownFileType = file.xib; path = InfoTableController.xib; sourceTree = "<group>"; };
		DC7EF93612E8FCCA00C196E8 /* DAInfoTableContents.plist */ = {isa = PBXFileReference; fileEncoding = 4; lastKnownFileType = text.plist.xml; path = DAInfoTableContents.plist; sourceTree = "<group>"; };
		DC84531412EB9C5100CA79A3 /* DAAbbreviations.plist */ = {isa = PBXFileReference; fileEncoding = 4; lastKnownFileType = text.plist.xml; path = DAAbbreviations.plist; sourceTree = "<group>"; };
		DC886E2212E3CBA100A854BA /* CoreFoundation.framework */ = {isa = PBXFileReference; lastKnownFileType = wrapper.framework; name = CoreFoundation.framework; path = System/Library/Frameworks/CoreFoundation.framework; sourceTree = SDKROOT; };
		DCB0EC6812CD2B9E00323C98 /* CoreData.framework */ = {isa = PBXFileReference; lastKnownFileType = wrapper.framework; name = CoreData.framework; path = System/Library/Frameworks/CoreData.framework; sourceTree = SDKROOT; };
		DCD147BA12C3DBE300E26123 /* DARemoteClient.h */ = {isa = PBXFileReference; fileEncoding = 4; lastKnownFileType = sourcecode.c.h; path = DARemoteClient.h; sourceTree = "<group>"; };
		DCD147BB12C3DBE300E26123 /* DARemoteClient.m */ = {isa = PBXFileReference; fileEncoding = 4; lastKnownFileType = sourcecode.c.objc; path = DARemoteClient.m; sourceTree = "<group>"; };
		DCD147BD12C3DBEE00E26123 /* DAParser.h */ = {isa = PBXFileReference; fileEncoding = 4; lastKnownFileType = sourcecode.c.h; path = DAParser.h; sourceTree = "<group>"; };
		DCD147BE12C3DBEE00E26123 /* DAParser.m */ = {isa = PBXFileReference; fileEncoding = 4; lastKnownFileType = sourcecode.c.objc; path = DAParser.m; sourceTree = "<group>"; };
		DCD20D09130B495800065D69 /* Default.png */ = {isa = PBXFileReference; lastKnownFileType = image.png; path = Default.png; sourceTree = "<group>"; };
		DCD20D0A130B495800065D69 /* Default@2x.png */ = {isa = PBXFileReference; lastKnownFileType = image.png; path = "Default@2x.png"; sourceTree = "<group>"; };
		DCD2F7DB12CA8E99005D5604 /* QuartzCore.framework */ = {isa = PBXFileReference; lastKnownFileType = wrapper.framework; name = QuartzCore.framework; path = System/Library/Frameworks/QuartzCore.framework; sourceTree = SDKROOT; };
		DCE5014712C15C4900D3F006 /* DefinitionController.h */ = {isa = PBXFileReference; fileEncoding = 4; lastKnownFileType = sourcecode.c.h; path = DefinitionController.h; sourceTree = "<group>"; };
		DCE5014812C15C4900D3F006 /* DefinitionController.m */ = {isa = PBXFileReference; fileEncoding = 4; lastKnownFileType = sourcecode.c.objc; path = DefinitionController.m; sourceTree = "<group>"; };
		DCE5014912C15C4900D3F006 /* DefinitionController.xib */ = {isa = PBXFileReference; lastKnownFileType = file.xib; path = DefinitionController.xib; sourceTree = "<group>"; };
		DCE972EC12C2C8AB00BC3FB3 /* DicionarioAberto.css */ = {isa = PBXFileReference; fileEncoding = 4; lastKnownFileType = text.css; path = DicionarioAberto.css; sourceTree = "<group>"; };
		DCEBA19512D2AC7F00215DD4 /* InfoTableController.h */ = {isa = PBXFileReference; fileEncoding = 4; lastKnownFileType = sourcecode.c.h; path = InfoTableController.h; sourceTree = "<group>"; };
		DCEBA19612D2AC7F00215DD4 /* InfoTableController.m */ = {isa = PBXFileReference; fileEncoding = 4; lastKnownFileType = sourcecode.c.objc; path = InfoTableController.m; sourceTree = "<group>"; };
		DCEBA1AB12D2AE6700215DD4 /* InfoPageController.h */ = {isa = PBXFileReference; fileEncoding = 4; lastKnownFileType = sourcecode.c.h; path = InfoPageController.h; sourceTree = "<group>"; };
		DCEBA1AC12D2AE6700215DD4 /* InfoPageController.m */ = {isa = PBXFileReference; fileEncoding = 4; lastKnownFileType = sourcecode.c.objc; path = InfoPageController.m; sourceTree = "<group>"; };
/* End PBXFileReference section */

/* Begin PBXFrameworksBuildPhase section */
		1D60588F0D05DD3D006BFB54 /* Frameworks */ = {
			isa = PBXFrameworksBuildPhase;
			buildActionMask = 2147483647;
			files = (
				1D60589F0D05DD5A006BFB54 /* Foundation.framework in Frameworks */,
				1DF5F4E00D08C38300B7A737 /* UIKit.framework in Frameworks */,
				288765A50DF7441C002DB57D /* CoreGraphics.framework in Frameworks */,
				DCD2F7DC12CA8E99005D5604 /* QuartzCore.framework in Frameworks */,
				DCB0EC6912CD2B9E00323C98 /* CoreData.framework in Frameworks */,
				DC886E2312E3CBA100A854BA /* CoreFoundation.framework in Frameworks */,
			);
			runOnlyForDeploymentPostprocessing = 0;
		};
/* End PBXFrameworksBuildPhase section */

/* Begin PBXGroup section */
		080E96DDFE201D6D7F000001 /* Classes */ = {
			isa = PBXGroup;
			children = (
				DCE0568112CD200100CE291D /* Model */,
				DC3E6ACF12C02E0B007B852E /* Entry */,
				DCD147C012C3DC1000E26123 /* Views */,
				1D3623240D0F684500981E51 /* DADelegate.h */,
				1D3623250D0F684500981E51 /* DADelegate.m */,
				DCD147BD12C3DBEE00E26123 /* DAParser.h */,
				DCD147BE12C3DBEE00E26123 /* DAParser.m */,
				DCD147BA12C3DBE300E26123 /* DARemoteClient.h */,
				DCD147BB12C3DBE300E26123 /* DARemoteClient.m */,
			);
			path = Classes;
			sourceTree = "<group>";
		};
		19C28FACFE9D520D11CA2CBB /* Products */ = {
			isa = PBXGroup;
			children = (
				1D6058910D05DD3D006BFB54 /* Aberto.app */,
			);
			name = Products;
			sourceTree = "<group>";
		};
		29B97314FDCFA39411CA2CEA /* CustomTemplate */ = {
			isa = PBXGroup;
			children = (
				DC61093214BD088200CEA88E /* Dependencies */,
				080E96DDFE201D6D7F000001 /* Classes */,
				29B97315FDCFA39411CA2CEA /* Other Sources */,
				29B97317FDCFA39411CA2CEA /* Resources */,
				29B97323FDCFA39411CA2CEA /* Frameworks */,
				19C28FACFE9D520D11CA2CBB /* Products */,
				DC02E3CD14BD13C6001FF4D6 /* DAStorage.xcdatamodeld */,
			);
			name = CustomTemplate;
			sourceTree = "<group>";
		};
		29B97315FDCFA39411CA2CEA /* Other Sources */ = {
			isa = PBXGroup;
			children = (
				32CA4F630368D1EE00C91783 /* DicionarioAberto_Prefix.pch */,
				29B97316FDCFA39411CA2CEA /* main.m */,
			);
			name = "Other Sources";
			sourceTree = "<group>";
		};
		29B97317FDCFA39411CA2CEA /* Resources */ = {
			isa = PBXGroup;
			children = (
				DC6108DD14BD087800CEA88E /* HTML */,
				DC6108F014BD087800CEA88E /* Images */,
				DC61090714BD087800CEA88E /* JS */,
				DC6AD39D12D3D89400FB5415 /* Icons */,
				DC6AD39C12D3D88100FB5415 /* NIB */,
				8D1107310486CEB800E47090 /* DicionarioAberto-Info.plist */,
				DC84531412EB9C5100CA79A3 /* DAAbbreviations.plist */,
				DC7EF93612E8FCCA00C196E8 /* DAInfoTableContents.plist */,
				DCD20D09130B495800065D69 /* Default.png */,
				DCD20D0A130B495800065D69 /* Default@2x.png */,
				DCE972EC12C2C8AB00BC3FB3 /* DicionarioAberto.css */,
			);
			name = Resources;
			sourceTree = "<group>";
		};
		29B97323FDCFA39411CA2CEA /* Frameworks */ = {
			isa = PBXGroup;
			children = (
				1DF5F4DF0D08C38300B7A737 /* UIKit.framework */,
				288765A40DF7441C002DB57D /* CoreGraphics.framework */,
				1D30AB110D05D00D00671497 /* Foundation.framework */,
				DCD2F7DB12CA8E99005D5604 /* QuartzCore.framework */,
				DCB0EC6812CD2B9E00323C98 /* CoreData.framework */,
				DC886E2212E3CBA100A854BA /* CoreFoundation.framework */,
			);
			name = Frameworks;
			sourceTree = "<group>";
		};
		DC02E38A14BD1169001FF4D6 /* AFNetworking */ = {
			isa = PBXGroup;
			children = (
				DC02E38B14BD1169001FF4D6 /* AFHTTPClient.h */,
				DC02E38C14BD1169001FF4D6 /* AFHTTPClient.m */,
				DC02E38D14BD1169001FF4D6 /* AFHTTPRequestOperation.h */,
				DC02E38E14BD1169001FF4D6 /* AFHTTPRequestOperation.m */,
				DC02E38F14BD1169001FF4D6 /* AFImageCache.h */,
				DC02E39014BD1169001FF4D6 /* AFImageCache.m */,
				DC02E39114BD1169001FF4D6 /* AFImageRequestOperation.h */,
				DC02E39214BD1169001FF4D6 /* AFImageRequestOperation.m */,
				DC02E39314BD1169001FF4D6 /* AFJSONRequestOperation.h */,
				DC02E39414BD1169001FF4D6 /* AFJSONRequestOperation.m */,
				DC02E39514BD1169001FF4D6 /* AFJSONUtilities.h */,
				DC02E39614BD1169001FF4D6 /* AFNetworkActivityIndicatorManager.h */,
				DC02E39714BD1169001FF4D6 /* AFNetworkActivityIndicatorManager.m */,
				DC02E39814BD1169001FF4D6 /* AFNetworking.h */,
				DC02E39914BD1169001FF4D6 /* AFPropertyListRequestOperation.h */,
				DC02E39A14BD1169001FF4D6 /* AFPropertyListRequestOperation.m */,
				DC02E39B14BD1169001FF4D6 /* AFURLConnectionOperation.h */,
				DC02E39C14BD1169001FF4D6 /* AFURLConnectionOperation.m */,
				DC02E39D14BD1169001FF4D6 /* AFXMLRequestOperation.h */,
				DC02E39E14BD1169001FF4D6 /* AFXMLRequestOperation.m */,
				DC02E39F14BD1169001FF4D6 /* UIImageView+AFNetworking.h */,
				DC02E3A014BD1169001FF4D6 /* UIImageView+AFNetworking.m */,
			);
			name = AFNetworking;
			path = AFNetworking/AFNetworking;
			sourceTree = "<group>";
		};
		DC02E3AB14BD1173001FF4D6 /* SVProgressHUD */ = {
			isa = PBXGroup;
			children = (
				DC02E3AC14BD1173001FF4D6 /* SVProgressHUD.bundle */,
				DC02E3AD14BD1173001FF4D6 /* SVProgressHUD.h */,
				DC02E3AE14BD1173001FF4D6 /* SVProgressHUD.m */,
			);
			name = SVProgressHUD;
			path = SVProgressHUD/SVProgressHUD;
			sourceTree = "<group>";
		};
		DC02E3B114BD12FF001FF4D6 /* SDURLCache */ = {
			isa = PBXGroup;
			children = (
				DC02E3B614BD12FF001FF4D6 /* SDURLCache.h */,
				DC02E3B714BD12FF001FF4D6 /* SDURLCache.m */,
			);
			path = SDURLCache;
			sourceTree = "<group>";
		};
		DC02E3D114BD211F001FF4D6 /* JSONKit */ = {
			isa = PBXGroup;
			children = (
				DC02E3D314BD211F001FF4D6 /* JSONKit.h */,
				DC02E3D414BD211F001FF4D6 /* JSONKit.m */,
			);
			path = JSONKit;
			sourceTree = "<group>";
		};
		DC3E6ACF12C02E0B007B852E /* Entry */ = {
			isa = PBXGroup;
			children = (
				DC3E6ABC12C02B0B007B852E /* Entry.h */,
				DC3E6ABD12C02B0B007B852E /* Entry.m */,
				DC3E6B5A12C03C35007B852E /* EntryEtymology.h */,
				DC3E6B5B12C03C35007B852E /* EntryEtymology.m */,
				DC3E6ACC12C02DBA007B852E /* EntryForm.h */,
				DC3E6ACD12C02DBA007B852E /* EntryForm.m */,
				DC3E6AD212C02E4D007B852E /* EntrySense.h */,
				DC3E6AD312C02E4D007B852E /* EntrySense.m */,
				DC3E6B1A12C0314A007B852E /* EntrySenseUsage.h */,
				DC3E6B1B12C0314A007B852E /* EntrySenseUsage.m */,
			);
			name = Entry;
			sourceTree = "<group>";
		};
		DC6108DD14BD087800CEA88E /* HTML */ = {
			isa = PBXGroup;
			children = (
				DC6108DE14BD087800CEA88E /* _def_footer.html */,
				DC6108DF14BD087800CEA88E /* _def_header.html */,
				DC6108E014BD087800CEA88E /* abbrev.html */,
				DC6108E114BD087800CEA88E /* about.html */,
				DC6108E214BD087800CEA88E /* credits.html */,
				DC6108E314BD087800CEA88E /* error_connection.html */,
				DC6108E414BD087800CEA88E /* error_notfound.html */,
				DC6108E514BD087800CEA88E /* error_unavailable.html */,
				DC6108E614BD087800CEA88E /* intro0.html */,
				DC6108E714BD087800CEA88E /* intro1.html */,
				DC6108E814BD087800CEA88E /* intro2.html */,
				DC6108E914BD087800CEA88E /* intro3.html */,
				DC6108EA14BD087800CEA88E /* intro4.html */,
				DC6108EB14BD087800CEA88E /* intro5.html */,
				DC6108EC14BD087800CEA88E /* intro6.html */,
				DC6108ED14BD087800CEA88E /* intro7.html */,
				DC6108EE14BD087800CEA88E /* intro8.html */,
				DC6108EF14BD087800CEA88E /* legal.html */,
			);
			path = HTML;
			sourceTree = "<group>";
		};
		DC6108F014BD087800CEA88E /* Images */ = {
			isa = PBXGroup;
			children = (
				DC6108F114BD087800CEA88E /* Background.png */,
				DC6108F214BD087800CEA88E /* BackgroundCell.png */,
				DC6108F314BD087800CEA88E /* BackgroundCell@2x.png */,
				DC6108F414BD087800CEA88E /* BackgroundCellSelected.png */,
				DC6108F514BD087800CEA88E /* BackgroundCellSelected@2x.png */,
				DC6108F614BD087800CEA88E /* BackgroundMain.png */,
				DC6108F714BD087800CEA88E /* BackgroundMain@2x.png */,
				DC6108F814BD087800CEA88E /* BackgroundMainWithLogo.png */,
				DC6108F914BD087800CEA88E /* BackgroundMainWithLogo@2x.png */,
				DC6108FA14BD087800CEA88E /* BackgroundNavigation.png */,
				DC6108FB14BD087800CEA88E /* BackgroundNavigation@2x.png */,
				DC6108FC14BD087800CEA88E /* cc-by-sa.png */,
				DC6108FD14BD087800CEA88E /* IconError.png */,
				DC6108FE14BD087800CEA88E /* IconError@2x.png */,
				DC6108FF14BD087800CEA88E /* IconWait.png */,
				DC61090014BD087800CEA88E /* IconWait@2x.png */,
				DC61090114BD087800CEA88E /* LogoDicionarioAberto.png */,
				DC61090214BD087800CEA88E /* LogoDicionarioAberto@2x.png */,
				DC61090314BD087800CEA88E /* LogoGitHub.png */,
				DC61090414BD087800CEA88E /* LogoGitHubNormal.png */,
				DC61090514BD087800CEA88E /* LogoLog.png */,
				DC61090614BD087800CEA88E /* LogoLogNormal.png */,
			);
			path = Images;
			sourceTree = "<group>";
		};
		DC61090714BD087800CEA88E /* JS */ = {
			isa = PBXGroup;
			children = (
				DC61090814BD087800CEA88E /* Common.js */,
			);
			path = JS;
			sourceTree = "<group>";
		};
		DC61093214BD088200CEA88E /* Dependencies */ = {
			isa = PBXGroup;
			children = (
				DC02E3D114BD211F001FF4D6 /* JSONKit */,
				DC02E38A14BD1169001FF4D6 /* AFNetworking */,
				DC02E3B114BD12FF001FF4D6 /* SDURLCache */,
				DC02E3AB14BD1173001FF4D6 /* SVProgressHUD */,
			);
			name = Dependencies;
			sourceTree = "<group>";
		};
		DC6AD39C12D3D88100FB5415 /* NIB */ = {
			isa = PBXGroup;
			children = (
				28AD733E0D9D9553002E5188 /* MainWindow.xib */,
				2899E5210DE3E06400AC0155 /* RootController.xib */,
				DC4E058912C77E5A00B4BB0C /* SearchCell.xib */,
				DC24BE9612D1365E000C052C /* SearchErrorCell.xib */,
				DCE5014912C15C4900D3F006 /* DefinitionController.xib */,
				DC6AD39A12D3D87000FB5415 /* InfoTableController.xib */,
				DC16780912D66319006B821D /* InfoPageController.xib */,
			);
			name = NIB;
			sourceTree = "<group>";
		};
		DC6AD39D12D3D89400FB5415 /* Icons */ = {
			isa = PBXGroup;
			children = (
				DC4E05F212C8152D00B4BB0C /* Icon-iPad.png */,
				DC4E05F312C8152D00B4BB0C /* Icon-Small-50.png */,
				DC4E05F412C8152D00B4BB0C /* Icon-Small.png */,
				DC4E05F512C8152D00B4BB0C /* Icon-Small@2x.png */,
				DC4E05F612C8152D00B4BB0C /* Icon.png */,
				DC4E05F712C8152D00B4BB0C /* Icon@2x.png */,
				DC4E05F812C8152D00B4BB0C /* iTunesArtwork */,
			);
			name = Icons;
			sourceTree = "<group>";
		};
		DCD147C012C3DC1000E26123 /* Views */ = {
			isa = PBXGroup;
			children = (
				28D7ACF60DDB3853001CB0EB /* RootController.h */,
				28D7ACF70DDB3853001CB0EB /* RootController.m */,
				DC4E057912C77D6F00B4BB0C /* SearchCell.h */,
				DC4E057A12C77D6F00B4BB0C /* SearchCell.m */,
				DCE5014712C15C4900D3F006 /* DefinitionController.h */,
				DCE5014812C15C4900D3F006 /* DefinitionController.m */,
				DCEBA19512D2AC7F00215DD4 /* InfoTableController.h */,
				DCEBA19612D2AC7F00215DD4 /* InfoTableController.m */,
				DCEBA1AB12D2AE6700215DD4 /* InfoPageController.h */,
				DCEBA1AC12D2AE6700215DD4 /* InfoPageController.m */,
			);
			name = Views;
			sourceTree = "<group>";
		};
		DCE0568112CD200100CE291D /* Model */ = {
			isa = PBXGroup;
			children = (
			);
			name = Model;
			sourceTree = "<group>";
		};
/* End PBXGroup section */

/* Begin PBXNativeTarget section */
		1D6058900D05DD3D006BFB54 /* DicionarioAberto */ = {
			isa = PBXNativeTarget;
			buildConfigurationList = 1D6058960D05DD3E006BFB54 /* Build configuration list for PBXNativeTarget "DicionarioAberto" */;
			buildPhases = (
				1D60588D0D05DD3D006BFB54 /* Resources */,
				1D60588E0D05DD3D006BFB54 /* Sources */,
				1D60588F0D05DD3D006BFB54 /* Frameworks */,
			);
			buildRules = (
			);
			dependencies = (
			);
			name = DicionarioAberto;
			productName = DicionarioAberto;
			productReference = 1D6058910D05DD3D006BFB54 /* Aberto.app */;
			productType = "com.apple.product-type.application";
		};
/* End PBXNativeTarget section */

/* Begin PBXProject section */
		29B97313FDCFA39411CA2CEA /* Project object */ = {
			isa = PBXProject;
			attributes = {
				LastUpgradeCheck = 0420;
			};
			buildConfigurationList = C01FCF4E08A954540054247B /* Build configuration list for PBXProject "DicionarioAberto" */;
			compatibilityVersion = "Xcode 3.2";
			developmentRegion = English;
			hasScannedForEncodings = 1;
			knownRegions = (
				English,
				Japanese,
				French,
				German,
			);
			mainGroup = 29B97314FDCFA39411CA2CEA /* CustomTemplate */;
			projectDirPath = "";
			projectRoot = "";
			targets = (
				1D6058900D05DD3D006BFB54 /* DicionarioAberto */,
			);
		};
/* End PBXProject section */

/* Begin PBXResourcesBuildPhase section */
		1D60588D0D05DD3D006BFB54 /* Resources */ = {
			isa = PBXResourcesBuildPhase;
			buildActionMask = 2147483647;
			files = (
				28AD733F0D9D9553002E5188 /* MainWindow.xib in Resources */,
				2899E5220DE3E06400AC0155 /* RootController.xib in Resources */,
				DCE5014B12C15C4900D3F006 /* DefinitionController.xib in Resources */,
				DCE972ED12C2C8AB00BC3FB3 /* DicionarioAberto.css in Resources */,
				DC4E058A12C77E5A00B4BB0C /* SearchCell.xib in Resources */,
				DC4E05F912C8152D00B4BB0C /* Icon-iPad.png in Resources */,
				DC4E05FA12C8152D00B4BB0C /* Icon-Small-50.png in Resources */,
				DC4E05FB12C8152D00B4BB0C /* Icon-Small.png in Resources */,
				DC4E05FC12C8152D00B4BB0C /* Icon-Small@2x.png in Resources */,
				DC4E05FD12C8152D00B4BB0C /* Icon.png in Resources */,
				DC4E05FE12C8152D00B4BB0C /* Icon@2x.png in Resources */,
				DC4E05FF12C8152D00B4BB0C /* iTunesArtwork in Resources */,
				DC24BE9712D1365E000C052C /* SearchErrorCell.xib in Resources */,
				DC6AD39B12D3D87000FB5415 /* InfoTableController.xib in Resources */,
				DC16780A12D66319006B821D /* InfoPageController.xib in Resources */,
				DC7EF93712E8FCCA00C196E8 /* DAInfoTableContents.plist in Resources */,
				DC84531512EB9C5100CA79A3 /* DAAbbreviations.plist in Resources */,
				DCD20D0B130B495800065D69 /* Default.png in Resources */,
				DCD20D0C130B495800065D69 /* Default@2x.png in Resources */,
				DC61090914BD087800CEA88E /* _def_footer.html in Resources */,
				DC61090A14BD087800CEA88E /* _def_header.html in Resources */,
				DC61090B14BD087800CEA88E /* abbrev.html in Resources */,
				DC61090C14BD087800CEA88E /* about.html in Resources */,
				DC61090D14BD087800CEA88E /* credits.html in Resources */,
				DC61090E14BD087800CEA88E /* error_connection.html in Resources */,
				DC61090F14BD087800CEA88E /* error_notfound.html in Resources */,
				DC61091014BD087800CEA88E /* error_unavailable.html in Resources */,
				DC61091114BD087800CEA88E /* intro0.html in Resources */,
				DC61091214BD087800CEA88E /* intro1.html in Resources */,
				DC61091314BD087800CEA88E /* intro2.html in Resources */,
				DC61091414BD087800CEA88E /* intro3.html in Resources */,
				DC61091514BD087800CEA88E /* intro4.html in Resources */,
				DC61091614BD087800CEA88E /* intro5.html in Resources */,
				DC61091714BD087800CEA88E /* intro6.html in Resources */,
				DC61091814BD087800CEA88E /* intro7.html in Resources */,
				DC61091914BD087800CEA88E /* intro8.html in Resources */,
				DC61091A14BD087800CEA88E /* legal.html in Resources */,
				DC61091B14BD087800CEA88E /* Background.png in Resources */,
				DC61091C14BD087800CEA88E /* BackgroundCell.png in Resources */,
				DC61091D14BD087800CEA88E /* BackgroundCell@2x.png in Resources */,
				DC61091E14BD087800CEA88E /* BackgroundCellSelected.png in Resources */,
				DC61091F14BD087800CEA88E /* BackgroundCellSelected@2x.png in Resources */,
				DC61092014BD087800CEA88E /* BackgroundMain.png in Resources */,
				DC61092114BD087800CEA88E /* BackgroundMain@2x.png in Resources */,
				DC61092214BD087800CEA88E /* BackgroundMainWithLogo.png in Resources */,
				DC61092314BD087800CEA88E /* BackgroundMainWithLogo@2x.png in Resources */,
				DC61092414BD087800CEA88E /* BackgroundNavigation.png in Resources */,
				DC61092514BD087800CEA88E /* BackgroundNavigation@2x.png in Resources */,
				DC61092614BD087800CEA88E /* cc-by-sa.png in Resources */,
				DC61092714BD087800CEA88E /* IconError.png in Resources */,
				DC61092814BD087800CEA88E /* IconError@2x.png in Resources */,
				DC61092914BD087800CEA88E /* IconWait.png in Resources */,
				DC61092A14BD087800CEA88E /* IconWait@2x.png in Resources */,
				DC61092B14BD087800CEA88E /* LogoDicionarioAberto.png in Resources */,
				DC61092C14BD087800CEA88E /* LogoDicionarioAberto@2x.png in Resources */,
				DC61092D14BD087800CEA88E /* LogoGitHub.png in Resources */,
				DC61092E14BD087800CEA88E /* LogoGitHubNormal.png in Resources */,
				DC61092F14BD087800CEA88E /* LogoLog.png in Resources */,
				DC61093014BD087800CEA88E /* LogoLogNormal.png in Resources */,
				DC02E3AF14BD1173001FF4D6 /* SVProgressHUD.bundle in Resources */,
			);
			runOnlyForDeploymentPostprocessing = 0;
		};
/* End PBXResourcesBuildPhase section */

/* Begin PBXSourcesBuildPhase section */
		1D60588E0D05DD3D006BFB54 /* Sources */ = {
			isa = PBXSourcesBuildPhase;
			buildActionMask = 2147483647;
			files = (
				1D60589B0D05DD56006BFB54 /* main.m in Sources */,
				1D3623260D0F684500981E51 /* DADelegate.m in Sources */,
				28D7ACF80DDB3853001CB0EB /* RootController.m in Sources */,
				DC3E6ABE12C02B0B007B852E /* Entry.m in Sources */,
				DC3E6ACE12C02DBA007B852E /* EntryForm.m in Sources */,
				DC3E6AD412C02E4D007B852E /* EntrySense.m in Sources */,
				DC3E6B1C12C0314A007B852E /* EntrySenseUsage.m in Sources */,
				DC3E6B5C12C03C35007B852E /* EntryEtymology.m in Sources */,
				DCE5014A12C15C4900D3F006 /* DefinitionController.m in Sources */,
				DCD147BC12C3DBE300E26123 /* DARemoteClient.m in Sources */,
				DCD147BF12C3DBEE00E26123 /* DAParser.m in Sources */,
				DC4E057B12C77D6F00B4BB0C /* SearchCell.m in Sources */,
				DCEBA19712D2AC7F00215DD4 /* InfoTableController.m in Sources */,
				DCEBA1AD12D2AE6700215DD4 /* InfoPageController.m in Sources */,
				DC02E3A114BD1169001FF4D6 /* AFHTTPClient.m in Sources */,
				DC02E3A214BD1169001FF4D6 /* AFHTTPRequestOperation.m in Sources */,
				DC02E3A314BD1169001FF4D6 /* AFImageCache.m in Sources */,
				DC02E3A414BD1169001FF4D6 /* AFImageRequestOperation.m in Sources */,
				DC02E3A514BD1169001FF4D6 /* AFJSONRequestOperation.m in Sources */,
				DC02E3A614BD1169001FF4D6 /* AFNetworkActivityIndicatorManager.m in Sources */,
				DC02E3A714BD1169001FF4D6 /* AFPropertyListRequestOperation.m in Sources */,
				DC02E3A814BD1169001FF4D6 /* AFURLConnectionOperation.m in Sources */,
				DC02E3A914BD1169001FF4D6 /* AFXMLRequestOperation.m in Sources */,
				DC02E3AA14BD1169001FF4D6 /* UIImageView+AFNetworking.m in Sources */,
				DC02E3B014BD1173001FF4D6 /* SVProgressHUD.m in Sources */,
				DC02E3C514BD12FF001FF4D6 /* SDURLCache.m in Sources */,
				DC02E3D014BD13C6001FF4D6 /* DAStorage.xcdatamodeld in Sources */,
				DC02E3D714BD211F001FF4D6 /* JSONKit.m in Sources */,
			);
			runOnlyForDeploymentPostprocessing = 0;
		};
/* End PBXSourcesBuildPhase section */

/* Begin XCBuildConfiguration section */
		1D6058940D05DD3E006BFB54 /* Debug */ = {
			isa = XCBuildConfiguration;
			buildSettings = {
				ALWAYS_SEARCH_USER_PATHS = NO;
				CLANG_ENABLE_OBJC_ARC = YES;
				CODE_SIGN_IDENTITY = "iPhone Developer";
				"CODE_SIGN_IDENTITY[sdk=iphoneos*]" = "iPhone Developer";
				COPY_PHASE_STRIP = NO;
				GCC_DYNAMIC_NO_PIC = NO;
				GCC_OPTIMIZATION_LEVEL = 0;
				GCC_PRECOMPILE_PREFIX_HEADER = YES;
				GCC_PREFIX_HEADER = DicionarioAberto_Prefix.pch;
				GCC_VERSION = com.apple.compilers.llvm.clang.1_0;
				INFOPLIST_FILE = "DicionarioAberto-Info.plist";
				IPHONEOS_DEPLOYMENT_TARGET = 4.0;
				LIBRARY_SEARCH_PATHS = "";
				OTHER_LDFLAGS = "";
				PRODUCT_NAME = Aberto;
				PROVISIONING_PROFILE = "";
				"PROVISIONING_PROFILE[sdk=iphoneos*]" = "";
			};
			name = Debug;
		};
		1D6058950D05DD3E006BFB54 /* Release */ = {
			isa = XCBuildConfiguration;
			buildSettings = {
				ALWAYS_SEARCH_USER_PATHS = NO;
				CLANG_ENABLE_OBJC_ARC = YES;
				CODE_SIGN_IDENTITY = "iPhone Distribution: log.oscon";
				"CODE_SIGN_IDENTITY[sdk=iphoneos*]" = "iPhone Distribution: log.oscon";
				COPY_PHASE_STRIP = YES;
				GCC_PRECOMPILE_PREFIX_HEADER = YES;
				GCC_PREFIX_HEADER = DicionarioAberto_Prefix.pch;
				GCC_VERSION = com.apple.compilers.llvm.clang.1_0;
				INFOPLIST_FILE = "DicionarioAberto-Info.plist";
				IPHONEOS_DEPLOYMENT_TARGET = 4.0;
				LIBRARY_SEARCH_PATHS = "";
				OTHER_LDFLAGS = "";
				PRODUCT_NAME = Aberto;
				PROVISIONING_PROFILE = "FED74214-DC61-48EC-B09A-2F16781B4B3D";
				"PROVISIONING_PROFILE[sdk=iphoneos*]" = "FED74214-DC61-48EC-B09A-2F16781B4B3D";
				VALIDATE_PRODUCT = YES;
			};
			name = Release;
		};
		C01FCF4F08A954540054247B /* Debug */ = {
			isa = XCBuildConfiguration;
			buildSettings = {
				ARCHS = "$(ARCHS_STANDARD_32_BIT)";
				"CODE_SIGN_IDENTITY[sdk=iphoneos*]" = "iPhone Developer";
				CURRENT_PROJECT_VERSION = 1.0;
				GCC_C_LANGUAGE_STANDARD = c99;
				GCC_WARN_ABOUT_RETURN_TYPE = YES;
				GCC_WARN_UNUSED_VARIABLE = YES;
				HEADER_SEARCH_PATHS = /usr/include/libxml2;
				IPHONEOS_DEPLOYMENT_TARGET = 4.0;
				OTHER_LDFLAGS = "-lxml2";
				PRODUCT_NAME = "Dicionário Aberto";
				"PROVISIONING_PROFILE[sdk=iphoneos*]" = "";
				SDKROOT = iphoneos;
				VERSIONING_SYSTEM = "";
			};
			name = Debug;
		};
		C01FCF5008A954540054247B /* Release */ = {
			isa = XCBuildConfiguration;
			buildSettings = {
				ARCHS = "$(ARCHS_STANDARD_32_BIT)";
				"CODE_SIGN_IDENTITY[sdk=iphoneos*]" = "iPhone Distribution: log.oscon";
				GCC_C_LANGUAGE_STANDARD = c99;
				GCC_WARN_ABOUT_RETURN_TYPE = YES;
				GCC_WARN_UNUSED_VARIABLE = YES;
				HEADER_SEARCH_PATHS = /usr/include/libxml2;
				IPHONEOS_DEPLOYMENT_TARGET = 4.0;
				OTHER_CFLAGS = "-DNS_BLOCK_ASSERTIONS=1";
				PRODUCT_NAME = "Dicionário Aberto";
				"PROVISIONING_PROFILE[sdk=iphoneos*]" = "C9B45DF1-191E-41FC-80FE-4EF82CEE3F2C";
				SDKROOT = iphoneos;
			};
			name = Release;
		};
		DC0B5E9B12FEE12800AD52DC /* Ad Hoc */ = {
			isa = XCBuildConfiguration;
			buildSettings = {
				ARCHS = "$(ARCHS_STANDARD_32_BIT)";
				"CODE_SIGN_IDENTITY[sdk=iphoneos*]" = "iPhone Distribution: log.oscon";
				GCC_C_LANGUAGE_STANDARD = c99;
				GCC_WARN_ABOUT_RETURN_TYPE = YES;
				GCC_WARN_UNUSED_VARIABLE = YES;
				HEADER_SEARCH_PATHS = /usr/include/libxml2;
				IPHONEOS_DEPLOYMENT_TARGET = 4.0;
				OTHER_CFLAGS = "-DNS_BLOCK_ASSERTIONS=1";
				PRODUCT_NAME = "Dicionário Aberto";
				"PROVISIONING_PROFILE[sdk=iphoneos*]" = "A2AB2278-697A-45D7-B65F-3808CD2DDC90";
				SDKROOT = iphoneos;
			};
			name = "Ad Hoc";
		};
		DC0B5E9C12FEE12800AD52DC /* Ad Hoc */ = {
			isa = XCBuildConfiguration;
			buildSettings = {
				ALWAYS_SEARCH_USER_PATHS = NO;
				CLANG_ENABLE_OBJC_ARC = YES;
				CODE_SIGN_IDENTITY = "iPhone Distribution: log.oscon";
				"CODE_SIGN_IDENTITY[sdk=iphoneos*]" = "iPhone Distribution: log.oscon";
				COPY_PHASE_STRIP = YES;
				GCC_PRECOMPILE_PREFIX_HEADER = YES;
				GCC_PREFIX_HEADER = DicionarioAberto_Prefix.pch;
				GCC_VERSION = com.apple.compilers.llvm.clang.1_0;
				INFOPLIST_FILE = "DicionarioAberto-Info.plist";
				IPHONEOS_DEPLOYMENT_TARGET = 4.0;
				LIBRARY_SEARCH_PATHS = "";
				OTHER_LDFLAGS = "";
				PRODUCT_NAME = Aberto;
				PROVISIONING_PROFILE = "A2AB2278-697A-45D7-B65F-3808CD2DDC90";
				"PROVISIONING_PROFILE[sdk=iphoneos*]" = "A2AB2278-697A-45D7-B65F-3808CD2DDC90";
				VALIDATE_PRODUCT = YES;
			};
			name = "Ad Hoc";
		};
/* End XCBuildConfiguration section */

/* Begin XCConfigurationList section */
		1D6058960D05DD3E006BFB54 /* Build configuration list for PBXNativeTarget "DicionarioAberto" */ = {
			isa = XCConfigurationList;
			buildConfigurations = (
				1D6058940D05DD3E006BFB54 /* Debug */,
				DC0B5E9C12FEE12800AD52DC /* Ad Hoc */,
				1D6058950D05DD3E006BFB54 /* Release */,
			);
			defaultConfigurationIsVisible = 0;
			defaultConfigurationName = Release;
		};
		C01FCF4E08A954540054247B /* Build configuration list for PBXProject "DicionarioAberto" */ = {
			isa = XCConfigurationList;
			buildConfigurations = (
				C01FCF4F08A954540054247B /* Debug */,
				DC0B5E9B12FEE12800AD52DC /* Ad Hoc */,
				C01FCF5008A954540054247B /* Release */,
			);
			defaultConfigurationIsVisible = 0;
			defaultConfigurationName = Release;
		};
/* End XCConfigurationList section */

/* Begin XCVersionGroup section */
		DC02E3CD14BD13C6001FF4D6 /* DAStorage.xcdatamodeld */ = {
			isa = XCVersionGroup;
			children = (
				DC02E3CE14BD13C6001FF4D6 /* DAStorage 2.xcdatamodel */,
				DC02E3CF14BD13C6001FF4D6 /* DAStorage.xcdatamodel */,
			);
			currentVersion = DC02E3CE14BD13C6001FF4D6 /* DAStorage 2.xcdatamodel */;
			path = DAStorage.xcdatamodeld;
			sourceTree = "<group>";
			versionGroupType = wrapper.xcdatamodel;
		};
/* End XCVersionGroup section */
	};
	rootObject = 29B97313FDCFA39411CA2CEA /* Project object */;
}
